
Microsoft Visual Studio Solution File, Format Version 12.00
# Visual Studio 15
VisualStudioVersion = 15.0.27703.2035
MinimumVisualStudioVersion = 10.0.40219.1
Project("{8BC9CEB8-8B4A-11D0-8D11-00A0C91BC942}") = "com", "Source\com\com.vcxproj", "{1234F390-D87E-4E94-BD5D-22D4AC832F67}"
	ProjectSection(ProjectDependencies) = postProject
		{52613581-6E99-4ECB-826D-8AD0BA812258} = {52613581-6E99-4ECB-826D-8AD0BA812258}
		{ECB4F390-087E-4E94-BD5D-82D4AC832067} = {ECB4F390-087E-4E94-BD5D-82D4AC832067}
	EndProjectSection
EndProject
Project("{8BC9CEB8-8B4A-11D0-8D11-00A0C91BC942}") = "comprocess", "Source\WPEProcess\comprocess.vcxproj", "{88A5F245-A873-4EF3-A43A-FBA065352BBB}"
	ProjectSection(ProjectDependencies) = postProject
		{52613581-6E99-4ECB-826D-8AD0BA812258} = {52613581-6E99-4ECB-826D-8AD0BA812258}
		{1234F390-D87E-4E94-BD5D-22D4AC832F67} = {1234F390-D87E-4E94-BD5D-22D4AC832F67}
		{ECB4F390-087E-4E94-BD5D-82D4AC832067} = {ECB4F390-087E-4E94-BD5D-82D4AC832067}
	EndProjectSection
EndProject
Project("{8BC9CEB8-8B4A-11D0-8D11-00A0C91BC942}") = "core", "Source\core\core.vcxproj", "{52613581-6E99-4ECB-826D-8AD0BA812258}"
EndProject
Project("{8BC9CEB8-8B4A-11D0-8D11-00A0C91BC942}") = "cryptalgo", "Source\cryptalgo\cryptalgo.vcxproj", "{1B0024B2-80DA-42C7-B40B-B0A4F546DCB9}"
	ProjectSection(ProjectDependencies) = postProject
		{52613581-6E99-4ECB-826D-8AD0BA812258} = {52613581-6E99-4ECB-826D-8AD0BA812258}
	EndProjectSection
EndProject
Project("{8BC9CEB8-8B4A-11D0-8D11-00A0C91BC942}") = "ocdm", "Source\ocdm\ocdm.vcxproj", "{1BBA24B2-8FDA-42C7-B40B-B0A4F5462CB9}"
	ProjectSection(ProjectDependencies) = postProject
		{52613581-6E99-4ECB-826D-8AD0BA812258} = {52613581-6E99-4ECB-826D-8AD0BA812258}
		{1234F390-D87E-4E94-BD5D-22D4AC832F67} = {1234F390-D87E-4E94-BD5D-22D4AC832F67}
	EndProjectSection
EndProject
Project("{8BC9CEB8-8B4A-11D0-8D11-00A0C91BC942}") = "plugins", "Source\plugins\plugins.vcxproj", "{80615F28-4E8C-4022-84C2-C80D185FFC35}"
	ProjectSection(ProjectDependencies) = postProject
		{AE90F630-2AEA-4ABB-A812-4F712B08F5A3} = {AE90F630-2AEA-4ABB-A812-4F712B08F5A3}
		{52613581-6E99-4ECB-826D-8AD0BA812258} = {52613581-6E99-4ECB-826D-8AD0BA812258}
		{1234F390-D87E-4E94-BD5D-22D4AC832F67} = {1234F390-D87E-4E94-BD5D-22D4AC832F67}
		{ECB4F390-087E-4E94-BD5D-82D4AC832067} = {ECB4F390-087E-4E94-BD5D-82D4AC832067}
		{1B0024B2-80DA-42C7-B40B-B0A4F546DCB9} = {1B0024B2-80DA-42C7-B40B-B0A4F546DCB9}
	EndProjectSection
EndProject
Project("{8BC9CEB8-8B4A-11D0-8D11-00A0C91BC942}") = "proxystubs", "Source\proxystubs\ProxyStubs.vcxproj", "{80615348-4E8C-2F22-84C2-C80D726FFC35}"
	ProjectSection(ProjectDependencies) = postProject
		{80615F28-4E8C-4022-84C2-C80D185FFC35} = {80615F28-4E8C-4022-84C2-C80D185FFC35}
		{52613581-6E99-4ECB-826D-8AD0BA812258} = {52613581-6E99-4ECB-826D-8AD0BA812258}
		{1234F390-D87E-4E94-BD5D-22D4AC832F67} = {1234F390-D87E-4E94-BD5D-22D4AC832F67}
	EndProjectSection
EndProject
Project("{8BC9CEB8-8B4A-11D0-8D11-00A0C91BC942}") = "tracing", "Source\tracing\tracing.vcxproj", "{ECB4F390-087E-4E94-BD5D-82D4AC832067}"
	ProjectSection(ProjectDependencies) = postProject
		{52613581-6E99-4ECB-826D-8AD0BA812258} = {52613581-6E99-4ECB-826D-8AD0BA812258}
	EndProjectSection
EndProject
Project("{8BC9CEB8-8B4A-11D0-8D11-00A0C91BC942}") = "virtualinput", "Source\virtualinput\VirtualInput.vcxproj", "{C35AB5EA-4649-629F-AC47-31FCED59A7AB}"
	ProjectSection(ProjectDependencies) = postProject
		{AE90F630-2AEA-4ABB-A812-4F712B08F5A3} = {AE90F630-2AEA-4ABB-A812-4F712B08F5A3}
		{52613581-6E99-4ECB-826D-8AD0BA812258} = {52613581-6E99-4ECB-826D-8AD0BA812258}
		{1234F390-D87E-4E94-BD5D-22D4AC832F67} = {1234F390-D87E-4E94-BD5D-22D4AC832F67}
		{ECB4F390-087E-4E94-BD5D-82D4AC832067} = {ECB4F390-087E-4E94-BD5D-82D4AC832067}
	EndProjectSection
EndProject
Project("{8BC9CEB8-8B4A-11D0-8D11-00A0C91BC942}") = "websocket", "Source\websocket\websocket.vcxproj", "{AE90F630-2AEA-4ABB-A812-4F712B08F5A3}"
	ProjectSection(ProjectDependencies) = postProject
		{52613581-6E99-4ECB-826D-8AD0BA812258} = {52613581-6E99-4ECB-826D-8AD0BA812258}
		{1B0024B2-80DA-42C7-B40B-B0A4F546DCB9} = {1B0024B2-80DA-42C7-B40B-B0A4F546DCB9}
	EndProjectSection
EndProject
Project("{8BC9CEB8-8B4A-11D0-8D11-00A0C91BC942}") = "WPEFramework", "Source\WPEFramework\WPEFramework.vcxproj", "{A5D9570F-9F0B-47CE-AB41-96271FF09676}"
	ProjectSection(ProjectDependencies) = postProject
		{80615F28-4E8C-4022-84C2-C80D185FFC35} = {80615F28-4E8C-4022-84C2-C80D185FFC35}
		{AE90F630-2AEA-4ABB-A812-4F712B08F5A3} = {AE90F630-2AEA-4ABB-A812-4F712B08F5A3}
		{52613581-6E99-4ECB-826D-8AD0BA812258} = {52613581-6E99-4ECB-826D-8AD0BA812258}
		{1234F390-D87E-4E94-BD5D-22D4AC832F67} = {1234F390-D87E-4E94-BD5D-22D4AC832F67}
		{ECB4F390-087E-4E94-BD5D-82D4AC832067} = {ECB4F390-087E-4E94-BD5D-82D4AC832067}
		{1B0024B2-80DA-42C7-B40B-B0A4F546DCB9} = {1B0024B2-80DA-42C7-B40B-B0A4F546DCB9}
	EndProjectSection
EndProject
Global
	GlobalSection(SolutionConfigurationPlatforms) = preSolution
		Debug|x86 = Debug|x86
		Release|x86 = Release|x86
	EndGlobalSection
	GlobalSection(ProjectConfigurationPlatforms) = postSolution
		{1234F390-D87E-4E94-BD5D-22D4AC832F67}.Debug|x86.ActiveCfg = Debug|Win32
		{1234F390-D87E-4E94-BD5D-22D4AC832F67}.Debug|x86.Build.0 = Debug|Win32
		{1234F390-D87E-4E94-BD5D-22D4AC832F67}.Release|x86.ActiveCfg = Release|Win32
		{1234F390-D87E-4E94-BD5D-22D4AC832F67}.Release|x86.Build.0 = Release|Win32
		{88A5F245-A873-4EF3-A43A-FBA065352BBB}.Debug|x86.ActiveCfg = Debug|Win32
		{88A5F245-A873-4EF3-A43A-FBA065352BBB}.Debug|x86.Build.0 = Debug|Win32
		{88A5F245-A873-4EF3-A43A-FBA065352BBB}.Release|x86.ActiveCfg = Release|Win32
		{88A5F245-A873-4EF3-A43A-FBA065352BBB}.Release|x86.Build.0 = Release|Win32
		{52613581-6E99-4ECB-826D-8AD0BA812258}.Debug|x86.ActiveCfg = Debug|Win32
		{52613581-6E99-4ECB-826D-8AD0BA812258}.Debug|x86.Build.0 = Debug|Win32
		{52613581-6E99-4ECB-826D-8AD0BA812258}.Release|x86.ActiveCfg = Release|Win32
		{52613581-6E99-4ECB-826D-8AD0BA812258}.Release|x86.Build.0 = Release|Win32
		{1B0024B2-80DA-42C7-B40B-B0A4F546DCB9}.Debug|x86.ActiveCfg = Debug|Win32
		{1B0024B2-80DA-42C7-B40B-B0A4F546DCB9}.Debug|x86.Build.0 = Debug|Win32
		{1B0024B2-80DA-42C7-B40B-B0A4F546DCB9}.Release|x86.ActiveCfg = Release|Win32
		{1B0024B2-80DA-42C7-B40B-B0A4F546DCB9}.Release|x86.Build.0 = Release|Win32
		{1BBA24B2-8FDA-42C7-B40B-B0A4F5462CB9}.Debug|x86.ActiveCfg = Debug|Win32
		{1BBA24B2-8FDA-42C7-B40B-B0A4F5462CB9}.Debug|x86.Build.0 = Debug|Win32
		{1BBA24B2-8FDA-42C7-B40B-B0A4F5462CB9}.Release|x86.ActiveCfg = Release|Win32
		{1BBA24B2-8FDA-42C7-B40B-B0A4F5462CB9}.Release|x86.Build.0 = Release|Win32
		{80615F28-4E8C-4022-84C2-C80D185FFC35}.Debug|x86.ActiveCfg = Debug|Win32
		{80615F28-4E8C-4022-84C2-C80D185FFC35}.Debug|x86.Build.0 = Debug|Win32
		{80615F28-4E8C-4022-84C2-C80D185FFC35}.Release|x86.ActiveCfg = Release|Win32
		{80615F28-4E8C-4022-84C2-C80D185FFC35}.Release|x86.Build.0 = Release|Win32
		{80615348-4E8C-2F22-84C2-C80D726FFC35}.Debug|x86.ActiveCfg = Debug|Win32
		{80615348-4E8C-2F22-84C2-C80D726FFC35}.Debug|x86.Build.0 = Debug|Win32
		{80615348-4E8C-2F22-84C2-C80D726FFC35}.Release|x86.ActiveCfg = Release|Win32
		{80615348-4E8C-2F22-84C2-C80D726FFC35}.Release|x86.Build.0 = Release|Win32
		{ECB4F390-087E-4E94-BD5D-82D4AC832067}.Debug|x86.ActiveCfg = Debug|Win32
		{ECB4F390-087E-4E94-BD5D-82D4AC832067}.Debug|x86.Build.0 = Debug|Win32
		{ECB4F390-087E-4E94-BD5D-82D4AC832067}.Release|x86.ActiveCfg = Release|Win32
		{ECB4F390-087E-4E94-BD5D-82D4AC832067}.Release|x86.Build.0 = Release|Win32
		{C35AB5EA-4649-629F-AC47-31FCED59A7AB}.Debug|x86.ActiveCfg = Debug|Win32
		{C35AB5EA-4649-629F-AC47-31FCED59A7AB}.Debug|x86.Build.0 = Debug|Win32
		{C35AB5EA-4649-629F-AC47-31FCED59A7AB}.Release|x86.ActiveCfg = Release|Win32
		{C35AB5EA-4649-629F-AC47-31FCED59A7AB}.Release|x86.Build.0 = Release|Win32
		{AE90F630-2AEA-4ABB-A812-4F712B08F5A3}.Debug|x86.ActiveCfg = Debug|Win32
		{AE90F630-2AEA-4ABB-A812-4F712B08F5A3}.Debug|x86.Build.0 = Debug|Win32
		{AE90F630-2AEA-4ABB-A812-4F712B08F5A3}.Release|x86.ActiveCfg = Release|Win32
		{AE90F630-2AEA-4ABB-A812-4F712B08F5A3}.Release|x86.Build.0 = Release|Win32
		{A5D9570F-9F0B-47CE-AB41-96271FF09676}.Debug|x86.ActiveCfg = Debug|Win32
		{A5D9570F-9F0B-47CE-AB41-96271FF09676}.Debug|x86.Build.0 = Debug|Win32
		{A5D9570F-9F0B-47CE-AB41-96271FF09676}.Release|x86.ActiveCfg = Release|Win32
		{A5D9570F-9F0B-47CE-AB41-96271FF09676}.Release|x86.Build.0 = Release|Win32
	EndGlobalSection
	GlobalSection(SolutionProperties) = preSolution
		HideSolutionNode = FALSE
	EndGlobalSection
	GlobalSection(ExtensibilityGlobals) = postSolution
		SolutionGuid = {E02AFA41-3DD3-45D2-94AB-DE05A097D287}
	EndGlobalSection
EndGlobal
