<?xml version="1.0" encoding="utf-8"?>
<Project ToolsVersion="4.0" xmlns="http://schemas.microsoft.com/developer/msbuild/2003">
  <ItemGroup>
    <ClCompile Include="URL.cpp">
      <Filter>Source Files</Filter>
    </ClCompile>
    <ClCompile Include="WebSerializer.cpp">
      <Filter>Source Files</Filter>
    </ClCompile>
    <ClCompile Include="WebSocketLink.cpp">
      <Filter>Source Files</Filter>
    </ClCompile>
    <ClCompile Include="Module.cpp">
      <Filter>Source Files</Filter>
    </ClCompile>
  </ItemGroup>
  <ItemGroup>
    <ClInclude Include="Module.h">
      <Filter>Header Files</Filter>
    </ClInclude>
    <ClInclude Include="URL.h">
      <Filter>Header Files</Filter>
    </ClInclude>
    <ClInclude Include="WebLink.h">
      <Filter>Header Files</Filter>
    </ClInclude>
    <ClInclude Include="WebRequest.h">
      <Filter>Header Files</Filter>
    </ClInclude>
    <ClInclude Include="WebResponse.h">
      <Filter>Header Files</Filter>
    </ClInclude>
    <ClInclude Include="WebSerializer.h">
      <Filter>Header Files</Filter>
    </ClInclude>
    <ClInclude Include="WebSocket.h">
      <Filter>Header Files</Filter>
    </ClInclude>
    <ClInclude Include="WebSocketLink.h">
      <Filter>Header Files</Filter>
    </ClInclude>
    <ClInclude Include="WebTransfer.h">
      <Filter>Header Files</Filter>
    </ClInclude>
    <ClInclude Include="WebTransform.h">
      <Filter>Header Files</Filter>
    </ClInclude>
  </ItemGroup>
  <ItemGroup>
    <Filter Include="Header Files">
      <UniqueIdentifier>{cead8253-8985-453d-a1fd-a1fb59943253}</UniqueIdentifier>
    </Filter>
    <Filter Include="Source Files">
      <UniqueIdentifier>{ba0b6657-b50d-429f-8eeb-6c9d4b352498}</UniqueIdentifier>
    </Filter>
  </ItemGroup>
</Project>