<?xml version="1.0" encoding="utf-8"?>
<Project ToolsVersion="4.0" xmlns="http://schemas.microsoft.com/developer/msbuild/2003">
  <ItemGroup>
    <ClCompile Include="Channel.cpp">
      <Filter>Source Files</Filter>
    </ClCompile>
    <ClCompile Include="MetaData.cpp">
      <Filter>Source Files</Filter>
    </ClCompile>
    <ClCompile Include="Service.cpp">
      <Filter>Source Files</Filter>
    </ClCompile>
    <ClCompile Include="VirtualInput.cpp">
      <Filter>Source Files</Filter>
    </ClCompile>
    <ClCompile Include="Module.cpp">
      <Filter>Source Files</Filter>
    </ClCompile>
    <ClCompile Include="Shell.cpp">
      <Filter>Source Files</Filter>
    </ClCompile>
    <ClCompile Include="StateControl.cpp">
      <Filter>Source Files</Filter>
    </ClCompile>
    <ClCompile Include="SubSystem.cpp">
      <Filter>Source Files</Filter>
    </ClCompile>
    <ClCompile Include="JSONRPC.cpp">
      <Filter>Source Files</Filter>
    </ClCompile>
    <ClCompile Include="System.cpp">
      <Filter>Source Files</Filter>
    </ClCompile>
  </ItemGroup>
  <ItemGroup>
    <ClInclude Include="Channel.h">
      <Filter>Header Files</Filter>
    </ClInclude>
    <ClInclude Include="Config.h">
      <Filter>Header Files</Filter>
    </ClInclude>
    <ClInclude Include="Configuration.h">
      <Filter>Header Files</Filter>
    </ClInclude>
    <ClInclude Include="MetaData.h">
      <Filter>Header Files</Filter>
    </ClInclude>
    <ClInclude Include="Module.h">
      <Filter>Header Files</Filter>
    </ClInclude>
    <ClInclude Include="Request.h">
      <Filter>Header Files</Filter>
    </ClInclude>
    <ClInclude Include="Service.h">
      <Filter>Header Files</Filter>
    </ClInclude>
    <ClInclude Include="VirtualInput.h">
      <Filter>Header Files</Filter>
    </ClInclude>
    <ClInclude Include="IPlugin.h">
      <Filter>Interface Files</Filter>
    </ClInclude>
    <ClInclude Include="IShell.h">
      <Filter>Interface Files</Filter>
    </ClInclude>
    <ClInclude Include="IStateControl.h">
      <Filter>Interface Files</Filter>
    </ClInclude>
    <ClInclude Include="plugins.h">
      <Filter>Header Files</Filter>
    </ClInclude>
    <ClInclude Include="ISubSystem.h">
      <Filter>Interface Files</Filter>
    </ClInclude>
    <ClInclude Include="JSONRPC.h">
      <Filter>Header Files</Filter>
    </ClInclude>
    <ClInclude Include="Types.h">
      <Filter>Header Files</Filter>
    </ClInclude>
    <ClInclude Include="System.h">
      <Filter>Interface Files</Filter>
    </ClInclude>
    <ClInclude Include="SubSystem.h">
      <Filter>Header Files</Filter>
    </ClInclude>
    <ClInclude Include="IDispatcher.h">
      <Filter>Interface Files</Filter>
    </ClInclude>
    <ClInclude Include="IController.h">
      <Filter>Interface Files</Filter>
    </ClInclude>
  </ItemGroup>
  <ItemGroup>
    <Filter Include="Source Files">
      <UniqueIdentifier>{732d1d78-3748-41b5-bf71-af9724b3d5b7}</UniqueIdentifier>
    </Filter>
    <Filter Include="Header Files">
      <UniqueIdentifier>{7a08230c-cdee-40ba-83c1-3ae9e2a00374}</UniqueIdentifier>
    </Filter>
    <Filter Include="Interface Files">
      <UniqueIdentifier>{4ca8a196-74dd-4e20-98ef-051e5a446b67}</UniqueIdentifier>
    </Filter>
  </ItemGroup>
  <ItemGroup>
    <Text Include="CMakeLists.txt" />
  </ItemGroup>
</Project>