
Microsoft Visual Studio Solution File, Format Version 12.00
# Visual Studio Version 16
VisualStudioVersion = 16.0.29418.71
MinimumVisualStudioVersion = 10.0.40219.1
Project("{8BC9CEB8-8B4A-11D0-8D11-00A0C91BC942}") = "core", "core\core.vcxproj", "{0936A7B8-E995-452D-8062-CA9311854018}"
EndProject
Project("{8BC9CEB8-8B4A-11D0-8D11-00A0C91BC942}") = "cryptalgo", "cryptalgo\cryptalgo.vcxproj", "{A7B258FF-15DD-4769-966C-703530E26530}"
	ProjectSection(ProjectDependencies) = postProject
		{0936A7B8-E995-452D-8062-CA9311854018} = {0936A7B8-E995-452D-8062-CA9311854018}
	EndProjectSection
EndProject
Project("{8BC9CEB8-8B4A-11D0-8D11-00A0C91BC942}") = "tracing", "tracing\tracing.vcxproj", "{6838AFCB-D65D-443A-A435-2F1940790836}"
	ProjectSection(ProjectDependencies) = postProject
		{0936A7B8-E995-452D-8062-CA9311854018} = {0936A7B8-E995-452D-8062-CA9311854018}
	EndProjectSection
EndProject
Project("{8BC9CEB8-8B4A-11D0-8D11-00A0C91BC942}") = "com", "com\com.vcxproj", "{B63FDAE4-53A4-4B19-BFEC-6E6A2EF841F5}"
	ProjectSection(ProjectDependencies) = postProject
		{0936A7B8-E995-452D-8062-CA9311854018} = {0936A7B8-E995-452D-8062-CA9311854018}
		{6838AFCB-D65D-443A-A435-2F1940790836} = {6838AFCB-D65D-443A-A435-2F1940790836}
	EndProjectSection
EndProject
Project("{8BC9CEB8-8B4A-11D0-8D11-00A0C91BC942}") = "websocket", "websocket\websocket.vcxproj", "{6A3B427D-D8AF-4D2A-B400-924D2596DCF7}"
	ProjectSection(ProjectDependencies) = postProject
		{0936A7B8-E995-452D-8062-CA9311854018} = {0936A7B8-E995-452D-8062-CA9311854018}
		{A7B258FF-15DD-4769-966C-703530E26530} = {A7B258FF-15DD-4769-966C-703530E26530}
	EndProjectSection
EndProject
Project("{8BC9CEB8-8B4A-11D0-8D11-00A0C91BC942}") = "plugins", "plugins\plugins.vcxproj", "{0CA4C3EA-2DD4-4BB3-804C-331D09CC3402}"
	ProjectSection(ProjectDependencies) = postProject
		{6A3B427D-D8AF-4D2A-B400-924D2596DCF7} = {6A3B427D-D8AF-4D2A-B400-924D2596DCF7}
		{0936A7B8-E995-452D-8062-CA9311854018} = {0936A7B8-E995-452D-8062-CA9311854018}
		{6838AFCB-D65D-443A-A435-2F1940790836} = {6838AFCB-D65D-443A-A435-2F1940790836}
		{B63FDAE4-53A4-4B19-BFEC-6E6A2EF841F5} = {B63FDAE4-53A4-4B19-BFEC-6E6A2EF841F5}
		{A7B258FF-15DD-4769-966C-703530E26530} = {A7B258FF-15DD-4769-966C-703530E26530}
	EndProjectSection
EndProject
Project("{8BC9CEB8-8B4A-11D0-8D11-00A0C91BC942}") = "proxystubs", "proxystubs\proxystubs.vcxproj", "{A39F195B-4FD2-424D-A8C7-3D323C281438}"
	ProjectSection(ProjectDependencies) = postProject
		{0936A7B8-E995-452D-8062-CA9311854018} = {0936A7B8-E995-452D-8062-CA9311854018}
		{B63FDAE4-53A4-4B19-BFEC-6E6A2EF841F5} = {B63FDAE4-53A4-4B19-BFEC-6E6A2EF841F5}
		{0CA4C3EA-2DD4-4BB3-804C-331D09CC3402} = {0CA4C3EA-2DD4-4BB3-804C-331D09CC3402}
	EndProjectSection
EndProject
Project("{8BC9CEB8-8B4A-11D0-8D11-00A0C91BC942}") = "ocdm", "ocdm\ocdm.vcxproj", "{34090477-688B-45F5-9998-11A71A6B043F}"
	ProjectSection(ProjectDependencies) = postProject
		{0936A7B8-E995-452D-8062-CA9311854018} = {0936A7B8-E995-452D-8062-CA9311854018}
		{B63FDAE4-53A4-4B19-BFEC-6E6A2EF841F5} = {B63FDAE4-53A4-4B19-BFEC-6E6A2EF841F5}
	EndProjectSection
EndProject
Project("{8BC9CEB8-8B4A-11D0-8D11-00A0C91BC942}") = "virtualinput", "virtualinput\virtualinput.vcxproj", "{DEBD9452-DA29-4C28-8800-32E1484EA16F}"
	ProjectSection(ProjectDependencies) = postProject
		{B63FDAE4-53A4-4B19-BFEC-6E6A2EF841F5} = {B63FDAE4-53A4-4B19-BFEC-6E6A2EF841F5}
	EndProjectSection
EndProject
Project("{8BC9CEB8-8B4A-11D0-8D11-00A0C91BC942}") = "interfaces", "interfaces\interfaces.vcxproj", "{3DA3B4B6-916E-4F21-88C6-512DF0C0A38C}"
	ProjectSection(ProjectDependencies) = postProject
		{0936A7B8-E995-452D-8062-CA9311854018} = {0936A7B8-E995-452D-8062-CA9311854018}
		{6838AFCB-D65D-443A-A435-2F1940790836} = {6838AFCB-D65D-443A-A435-2F1940790836}
		{B63FDAE4-53A4-4B19-BFEC-6E6A2EF841F5} = {B63FDAE4-53A4-4B19-BFEC-6E6A2EF841F5}
	EndProjectSection
EndProject
Project("{8BC9CEB8-8B4A-11D0-8D11-00A0C91BC942}") = "comprocess", "ThunderPlugin\comprocess.vcxproj", "{B88DE14D-3E0D-440E-A753-CE7ADD5DF3CA}"
	ProjectSection(ProjectDependencies) = postProject
		{0936A7B8-E995-452D-8062-CA9311854018} = {0936A7B8-E995-452D-8062-CA9311854018}
		{B63FDAE4-53A4-4B19-BFEC-6E6A2EF841F5} = {B63FDAE4-53A4-4B19-BFEC-6E6A2EF841F5}
		{0CA4C3EA-2DD4-4BB3-804C-331D09CC3402} = {0CA4C3EA-2DD4-4BB3-804C-331D09CC3402}
	EndProjectSection
EndProject
Project("{8BC9CEB8-8B4A-11D0-8D11-00A0C91BC942}") = "bridge", "Thunder\bridge.vcxproj", "{F3DF5408-637E-49DB-BF6B-0B7D17509AC0}"
	ProjectSection(ProjectDependencies) = postProject
		{B88DE14D-3E0D-440E-A753-CE7ADD5DF3CA} = {B88DE14D-3E0D-440E-A753-CE7ADD5DF3CA}
		{6A3B427D-D8AF-4D2A-B400-924D2596DCF7} = {6A3B427D-D8AF-4D2A-B400-924D2596DCF7}
		{0936A7B8-E995-452D-8062-CA9311854018} = {0936A7B8-E995-452D-8062-CA9311854018}
		{6838AFCB-D65D-443A-A435-2F1940790836} = {6838AFCB-D65D-443A-A435-2F1940790836}
		{B63FDAE4-53A4-4B19-BFEC-6E6A2EF841F5} = {B63FDAE4-53A4-4B19-BFEC-6E6A2EF841F5}
		{0CA4C3EA-2DD4-4BB3-804C-331D09CC3402} = {0CA4C3EA-2DD4-4BB3-804C-331D09CC3402}
	EndProjectSection
EndProject
Project("{2150E333-8FDC-42A3-9474-1A3956D46DE8}") = "Tests", "Tests", "{3757757F-7978-4C27-8691-73FFF12BDE9B}"
EndProject
Project("{2150E333-8FDC-42A3-9474-1A3956D46DE8}") = "Plugins", "Plugins", "{ADCA6209-AD2C-4990-9825-DE8CCA79BA2B}"
EndProject
Project("{8BC9CEB8-8B4A-11D0-8D11-00A0C91BC942}") = "definitions", "interfaces\Definitions.vcxproj", "{577A83B6-66B6-4A98-A3D6-4EBA066A1772}"
	ProjectSection(ProjectDependencies) = postProject
		{0936A7B8-E995-452D-8062-CA9311854018} = {0936A7B8-E995-452D-8062-CA9311854018}
		{B63FDAE4-53A4-4B19-BFEC-6E6A2EF841F5} = {B63FDAE4-53A4-4B19-BFEC-6E6A2EF841F5}
	EndProjectSection
EndProject
Project("{8BC9CEB8-8B4A-11D0-8D11-00A0C91BC942}") = "JSONRPCPlugin", "..\..\ThunderNanoServices\examples\JSONRPCPlugin\JSONRPCPlugin.vcxproj", "{5CCE3BBB-3CBC-4E4A-92CA-832D119C8F70}"
	ProjectSection(ProjectDependencies) = postProject
		{577A83B6-66B6-4A98-A3D6-4EBA066A1772} = {577A83B6-66B6-4A98-A3D6-4EBA066A1772}
		{3DA3B4B6-916E-4F21-88C6-512DF0C0A38C} = {3DA3B4B6-916E-4F21-88C6-512DF0C0A38C}
		{0CA4C3EA-2DD4-4BB3-804C-331D09CC3402} = {0CA4C3EA-2DD4-4BB3-804C-331D09CC3402}
	EndProjectSection
EndProject
Project("{8BC9CEB8-8B4A-11D0-8D11-00A0C91BC942}") = "JSONRPCClient", "..\..\ThunderNanoServices\examples\JSONRPCClient\JSONRPCClient.vcxproj", "{DFA83275-7232-4F2B-912A-BD362AA228B3}"
	ProjectSection(ProjectDependencies) = postProject
		{3DA3B4B6-916E-4F21-88C6-512DF0C0A38C} = {3DA3B4B6-916E-4F21-88C6-512DF0C0A38C}
		{0936A7B8-E995-452D-8062-CA9311854018} = {0936A7B8-E995-452D-8062-CA9311854018}
		{6838AFCB-D65D-443A-A435-2F1940790836} = {6838AFCB-D65D-443A-A435-2F1940790836}
		{B63FDAE4-53A4-4B19-BFEC-6E6A2EF841F5} = {B63FDAE4-53A4-4B19-BFEC-6E6A2EF841F5}
		{0CA4C3EA-2DD4-4BB3-804C-331D09CC3402} = {0CA4C3EA-2DD4-4BB3-804C-331D09CC3402}
		{A8D818F5-7324-4620-B1AF-B388AB538502} = {A8D818F5-7324-4620-B1AF-B388AB538502}
	EndProjectSection
EndProject
Project("{2150E333-8FDC-42A3-9474-1A3956D46DE8}") = "Configurations", "Configurations", "{008FC636-F920-4BA2-B90F-F100E723FA51}"
	ProjectSection(SolutionItems) = preProject
		Thunder\ExampleConfigAll.json = Thunder\ExampleConfigAll.json
		Thunder\ExampleConfigLinux.json = Thunder\ExampleConfigLinux.json
		Thunder\ExampleConfigWindows.json = Thunder\ExampleConfigWindows.json
	EndProjectSection
EndProject
Project("{2150E333-8FDC-42A3-9474-1A3956D46DE8}") = "Thunder", "Thunder", "{D7AD4AF2-B32F-44C6-9F19-90484D586346}"
EndProject
Project("{8BC9CEB8-8B4A-11D0-8D11-00A0C91BC942}") = "securityagent", "securityagent\securityagent.vcxproj", "{A8D818F5-7324-4620-B1AF-B388AB538502}"
	ProjectSection(ProjectDependencies) = postProject
		{0936A7B8-E995-452D-8062-CA9311854018} = {0936A7B8-E995-452D-8062-CA9311854018}
		{B63FDAE4-53A4-4B19-BFEC-6E6A2EF841F5} = {B63FDAE4-53A4-4B19-BFEC-6E6A2EF841F5}
	EndProjectSection
EndProject
Project("{8BC9CEB8-8B4A-11D0-8D11-00A0C91BC942}") = "Commander", "..\..\ThunderNanoServices\Commander\Commander.vcxproj", "{6C8E75A7-796C-4598-9CFF-4F462F998355}"
	ProjectSection(ProjectDependencies) = postProject
		{577A83B6-66B6-4A98-A3D6-4EBA066A1772} = {577A83B6-66B6-4A98-A3D6-4EBA066A1772}
		{3DA3B4B6-916E-4F21-88C6-512DF0C0A38C} = {3DA3B4B6-916E-4F21-88C6-512DF0C0A38C}
		{0CA4C3EA-2DD4-4BB3-804C-331D09CC3402} = {0CA4C3EA-2DD4-4BB3-804C-331D09CC3402}
	EndProjectSection
EndProject
Project("{8BC9CEB8-8B4A-11D0-8D11-00A0C91BC942}") = "DeviceInfo", "..\..\ThunderNanoServices\DeviceInfo\DeviceInfo.vcxproj", "{6C8E75AE-796C-4598-9CFF-4F462F968955}"
	ProjectSection(ProjectDependencies) = postProject
		{577A83B6-66B6-4A98-A3D6-4EBA066A1772} = {577A83B6-66B6-4A98-A3D6-4EBA066A1772}
		{3DA3B4B6-916E-4F21-88C6-512DF0C0A38C} = {3DA3B4B6-916E-4F21-88C6-512DF0C0A38C}
		{0CA4C3EA-2DD4-4BB3-804C-331D09CC3402} = {0CA4C3EA-2DD4-4BB3-804C-331D09CC3402}
	EndProjectSection
EndProject
Project("{8BC9CEB8-8B4A-11D0-8D11-00A0C91BC942}") = "DHCPServer", "..\..\ThunderNanoServices\DHCPServer\DHCPServer.vcxproj", "{614AEA75-493F-4DB4-897C-6A31238C5781}"
	ProjectSection(ProjectDependencies) = postProject
		{577A83B6-66B6-4A98-A3D6-4EBA066A1772} = {577A83B6-66B6-4A98-A3D6-4EBA066A1772}
		{3DA3B4B6-916E-4F21-88C6-512DF0C0A38C} = {3DA3B4B6-916E-4F21-88C6-512DF0C0A38C}
		{0CA4C3EA-2DD4-4BB3-804C-331D09CC3402} = {0CA4C3EA-2DD4-4BB3-804C-331D09CC3402}
	EndProjectSection
EndProject
Project("{8BC9CEB8-8B4A-11D0-8D11-00A0C91BC942}") = "DIALServer", "..\..\ThunderNanoServices\DIALServer\DIALServer.vcxproj", "{43EAC8C4-B127-4F65-B621-BC14F9C65243}"
	ProjectSection(ProjectDependencies) = postProject
		{577A83B6-66B6-4A98-A3D6-4EBA066A1772} = {577A83B6-66B6-4A98-A3D6-4EBA066A1772}
		{3DA3B4B6-916E-4F21-88C6-512DF0C0A38C} = {3DA3B4B6-916E-4F21-88C6-512DF0C0A38C}
		{0CA4C3EA-2DD4-4BB3-804C-331D09CC3402} = {0CA4C3EA-2DD4-4BB3-804C-331D09CC3402}
	EndProjectSection
EndProject
Project("{8BC9CEB8-8B4A-11D0-8D11-00A0C91BC942}") = "Dictionary", "..\..\ThunderNanoServices\Dictionary\Dictionary.vcxproj", "{51CD3B12-3CCC-4345-92F3-832D23F98F70}"
	ProjectSection(ProjectDependencies) = postProject
		{577A83B6-66B6-4A98-A3D6-4EBA066A1772} = {577A83B6-66B6-4A98-A3D6-4EBA066A1772}
		{3DA3B4B6-916E-4F21-88C6-512DF0C0A38C} = {3DA3B4B6-916E-4F21-88C6-512DF0C0A38C}
		{0CA4C3EA-2DD4-4BB3-804C-331D09CC3402} = {0CA4C3EA-2DD4-4BB3-804C-331D09CC3402}
	EndProjectSection
EndProject
Project("{8BC9CEB8-8B4A-11D0-8D11-00A0C91BC942}") = "LocationSync", "..\..\ThunderNanoServices\LocationSync\LocationSync.vcxproj", "{43EAC8C4-C127-4F65-B621-AC64F9C65223}"
	ProjectSection(ProjectDependencies) = postProject
		{577A83B6-66B6-4A98-A3D6-4EBA066A1772} = {577A83B6-66B6-4A98-A3D6-4EBA066A1772}
		{3DA3B4B6-916E-4F21-88C6-512DF0C0A38C} = {3DA3B4B6-916E-4F21-88C6-512DF0C0A38C}
		{0CA4C3EA-2DD4-4BB3-804C-331D09CC3402} = {0CA4C3EA-2DD4-4BB3-804C-331D09CC3402}
	EndProjectSection
EndProject
Project("{8BC9CEB8-8B4A-11D0-8D11-00A0C91BC942}") = "Messenger", "..\..\ThunderNanoServices\Messenger\Messenger.vcxproj", "{51CD3B12-3C87-424A-92C3-832D11F98F70}"
	ProjectSection(ProjectDependencies) = postProject
		{577A83B6-66B6-4A98-A3D6-4EBA066A1772} = {577A83B6-66B6-4A98-A3D6-4EBA066A1772}
		{3DA3B4B6-916E-4F21-88C6-512DF0C0A38C} = {3DA3B4B6-916E-4F21-88C6-512DF0C0A38C}
		{0CA4C3EA-2DD4-4BB3-804C-331D09CC3402} = {0CA4C3EA-2DD4-4BB3-804C-331D09CC3402}
	EndProjectSection
EndProject
Project("{8BC9CEB8-8B4A-11D0-8D11-00A0C91BC942}") = "Monitor", "..\..\ThunderNanoServices\Monitor\Monitor.vcxproj", "{614AEA75-493F-4DB4-897C-6A3EAF8C5781}"
	ProjectSection(ProjectDependencies) = postProject
		{577A83B6-66B6-4A98-A3D6-4EBA066A1772} = {577A83B6-66B6-4A98-A3D6-4EBA066A1772}
		{3DA3B4B6-916E-4F21-88C6-512DF0C0A38C} = {3DA3B4B6-916E-4F21-88C6-512DF0C0A38C}
		{0CA4C3EA-2DD4-4BB3-804C-331D09CC3402} = {0CA4C3EA-2DD4-4BB3-804C-331D09CC3402}
	EndProjectSection
EndProject
Project("{8BC9CEB8-8B4A-11D0-8D11-00A0C91BC942}") = "OpenCDMi", "..\..\ThunderNanoServices\OpenCDMi\OpenCDMi.vcxproj", "{7E7E9E39-AAA8-4A95-A53F-D1C6E88E97E8}"
	ProjectSection(ProjectDependencies) = postProject
		{577A83B6-66B6-4A98-A3D6-4EBA066A1772} = {577A83B6-66B6-4A98-A3D6-4EBA066A1772}
		{3DA3B4B6-916E-4F21-88C6-512DF0C0A38C} = {3DA3B4B6-916E-4F21-88C6-512DF0C0A38C}
		{0CA4C3EA-2DD4-4BB3-804C-331D09CC3402} = {0CA4C3EA-2DD4-4BB3-804C-331D09CC3402}
	EndProjectSection
EndProject
Project("{8BC9CEB8-8B4A-11D0-8D11-00A0C91BC942}") = "RemoteControl", "..\..\ThunderNanoServices\RemoteControl\RemoteControl.vcxproj", "{2CD4DE2B-7064-41E9-892E-6F249C7E6BF5}"
	ProjectSection(ProjectDependencies) = postProject
		{577A83B6-66B6-4A98-A3D6-4EBA066A1772} = {577A83B6-66B6-4A98-A3D6-4EBA066A1772}
		{3DA3B4B6-916E-4F21-88C6-512DF0C0A38C} = {3DA3B4B6-916E-4F21-88C6-512DF0C0A38C}
		{0CA4C3EA-2DD4-4BB3-804C-331D09CC3402} = {0CA4C3EA-2DD4-4BB3-804C-331D09CC3402}
	EndProjectSection
EndProject
Project("{8BC9CEB8-8B4A-11D0-8D11-00A0C91BC942}") = "SecurityAgent", "..\..\ThunderNanoServices\SecurityAgent\SecurityAgent.vcxproj", "{5CCE3B12-3CCC-4E4A-92CA-832D11F98F70}"
	ProjectSection(ProjectDependencies) = postProject
		{577A83B6-66B6-4A98-A3D6-4EBA066A1772} = {577A83B6-66B6-4A98-A3D6-4EBA066A1772}
		{3DA3B4B6-916E-4F21-88C6-512DF0C0A38C} = {3DA3B4B6-916E-4F21-88C6-512DF0C0A38C}
		{0CA4C3EA-2DD4-4BB3-804C-331D09CC3402} = {0CA4C3EA-2DD4-4BB3-804C-331D09CC3402}
	EndProjectSection
EndProject
Project("{8BC9CEB8-8B4A-11D0-8D11-00A0C91BC942}") = "TimeSync", "..\..\ThunderNanoServices\TimeSync\TimeSync.vcxproj", "{3B2AABD2-060F-4C2C-8633-4005645564F2}"
	ProjectSection(ProjectDependencies) = postProject
		{577A83B6-66B6-4A98-A3D6-4EBA066A1772} = {577A83B6-66B6-4A98-A3D6-4EBA066A1772}
		{3DA3B4B6-916E-4F21-88C6-512DF0C0A38C} = {3DA3B4B6-916E-4F21-88C6-512DF0C0A38C}
		{0CA4C3EA-2DD4-4BB3-804C-331D09CC3402} = {0CA4C3EA-2DD4-4BB3-804C-331D09CC3402}
	EndProjectSection
EndProject
Project("{8BC9CEB8-8B4A-11D0-8D11-00A0C91BC942}") = "TraceControl", "..\..\ThunderNanoServices\TraceControl\TraceControl.vcxproj", "{ACA665CC-3DFA-4C22-A6F4-2DF827A9378A}"
	ProjectSection(ProjectDependencies) = postProject
		{577A83B6-66B6-4A98-A3D6-4EBA066A1772} = {577A83B6-66B6-4A98-A3D6-4EBA066A1772}
		{3DA3B4B6-916E-4F21-88C6-512DF0C0A38C} = {3DA3B4B6-916E-4F21-88C6-512DF0C0A38C}
		{0CA4C3EA-2DD4-4BB3-804C-331D09CC3402} = {0CA4C3EA-2DD4-4BB3-804C-331D09CC3402}
	EndProjectSection
EndProject
Project("{8BC9CEB8-8B4A-11D0-8D11-00A0C91BC942}") = "WebProxy", "..\..\ThunderNanoServices\WebProxy\WebProxy.vcxproj", "{51CD3B12-3CCC-4E4A-92C3-832D11F98F70}"
	ProjectSection(ProjectDependencies) = postProject
		{577A83B6-66B6-4A98-A3D6-4EBA066A1772} = {577A83B6-66B6-4A98-A3D6-4EBA066A1772}
		{3DA3B4B6-916E-4F21-88C6-512DF0C0A38C} = {3DA3B4B6-916E-4F21-88C6-512DF0C0A38C}
		{0CA4C3EA-2DD4-4BB3-804C-331D09CC3402} = {0CA4C3EA-2DD4-4BB3-804C-331D09CC3402}
	EndProjectSection
EndProject
Project("{8BC9CEB8-8B4A-11D0-8D11-00A0C91BC942}") = "WebServer", "..\..\ThunderNanoServices\WebServer\WebServer.vcxproj", "{6B9091EB-E0CA-4FE5-9FF1-69DE4D749F00}"
	ProjectSection(ProjectDependencies) = postProject
		{577A83B6-66B6-4A98-A3D6-4EBA066A1772} = {577A83B6-66B6-4A98-A3D6-4EBA066A1772}
		{3DA3B4B6-916E-4F21-88C6-512DF0C0A38C} = {3DA3B4B6-916E-4F21-88C6-512DF0C0A38C}
		{0CA4C3EA-2DD4-4BB3-804C-331D09CC3402} = {0CA4C3EA-2DD4-4BB3-804C-331D09CC3402}
	EndProjectSection
EndProject
Project("{2150E333-8FDC-42A3-9474-1A3956D46DE8}") = "Interfaces", "Interfaces", "{58B7B6E2-3FC1-4BB6-92E0-7E3E651A304C}"
EndProject
Project("{2150E333-8FDC-42A3-9474-1A3956D46DE8}") = "Applications", "Applications", "{AFFB8D67-1F60-40FE-8055-BDD120015C09}"
EndProject
Project("{8BC9CEB8-8B4A-11D0-8D11-00A0C91BC942}") = "COMRPCClient", "..\..\ThunderNanoServices\examples\COMRPCClient\COMRPCClient.vcxproj", "{DFA83275-7232-423B-912A-BD362AA228B3}"
	ProjectSection(ProjectDependencies) = postProject
		{577A83B6-66B6-4A98-A3D6-4EBA066A1772} = {577A83B6-66B6-4A98-A3D6-4EBA066A1772}
		{3DA3B4B6-916E-4F21-88C6-512DF0C0A38C} = {3DA3B4B6-916E-4F21-88C6-512DF0C0A38C}
		{0936A7B8-E995-452D-8062-CA9311854018} = {0936A7B8-E995-452D-8062-CA9311854018}
		{B63FDAE4-53A4-4B19-BFEC-6E6A2EF841F5} = {B63FDAE4-53A4-4B19-BFEC-6E6A2EF841F5}
		{0CA4C3EA-2DD4-4BB3-804C-331D09CC3402} = {0CA4C3EA-2DD4-4BB3-804C-331D09CC3402}
	EndProjectSection
EndProject
Project("{8BC9CEB8-8B4A-11D0-8D11-00A0C91BC942}") = "InputSwitch", "..\..\ThunderNanoServices\InputSwitch\InputSwitch.vcxproj", "{BA2829C1-66EF-4C21-852D-ECA482898DCF}"
	ProjectSection(ProjectDependencies) = postProject
		{3DA3B4B6-916E-4F21-88C6-512DF0C0A38C} = {3DA3B4B6-916E-4F21-88C6-512DF0C0A38C}
		{0CA4C3EA-2DD4-4BB3-804C-331D09CC3402} = {0CA4C3EA-2DD4-4BB3-804C-331D09CC3402}
	EndProjectSection
EndProject
Project("{8BC9CEB8-8B4A-11D0-8D11-00A0C91BC942}") = "OutOfProcessPlugin", "..\..\ThunderNanoServices\examples\OutOfProcessPlugin\OutOfProcessPlugin.vcxproj", "{D93FD85B-F6AC-4387-9C61-5625899CECFD}"
	ProjectSection(ProjectDependencies) = postProject
		{3DA3B4B6-916E-4F21-88C6-512DF0C0A38C} = {3DA3B4B6-916E-4F21-88C6-512DF0C0A38C}
		{0CA4C3EA-2DD4-4BB3-804C-331D09CC3402} = {0CA4C3EA-2DD4-4BB3-804C-331D09CC3402}
	EndProjectSection
EndProject
Project("{8BC9CEB8-8B4A-11D0-8D11-00A0C91BC942}") = "SimpleCOMRPCInterface", "..\..\ThunderNanoServices\examples\SimpleCOMRPCInterface\SimpleCOMRPCInterface.vcxproj", "{A39F195B-4FD2-1234-A8C7-3D323C285438}"
	ProjectSection(ProjectDependencies) = postProject
		{0936A7B8-E995-452D-8062-CA9311854018} = {0936A7B8-E995-452D-8062-CA9311854018}
		{B63FDAE4-53A4-4B19-BFEC-6E6A2EF841F5} = {B63FDAE4-53A4-4B19-BFEC-6E6A2EF841F5}
	EndProjectSection
EndProject
Project("{8BC9CEB8-8B4A-11D0-8D11-00A0C91BC942}") = "SimpleCOMRPCServer", "..\..\ThunderNanoServices\examples\SimpleCOMRPCServer\SimpleCOMRPCServer.vcxproj", "{DFA83275-7232-423B-912A-BD3628C228B3}"
	ProjectSection(ProjectDependencies) = postProject
		{0936A7B8-E995-452D-8062-CA9311854018} = {0936A7B8-E995-452D-8062-CA9311854018}
		{B63FDAE4-53A4-4B19-BFEC-6E6A2EF841F5} = {B63FDAE4-53A4-4B19-BFEC-6E6A2EF841F5}
	EndProjectSection
EndProject
Project("{8BC9CEB8-8B4A-11D0-8D11-00A0C91BC942}") = "SimpleCOMRPCClient", "..\..\ThunderNanoServices\examples\SimpleCOMRPCClient\SimpleCOMRPCClient.vcxproj", "{DFA83275-7232-4212-912A-BD362AA278B3}"
	ProjectSection(ProjectDependencies) = postProject
		{0936A7B8-E995-452D-8062-CA9311854018} = {0936A7B8-E995-452D-8062-CA9311854018}
		{B63FDAE4-53A4-4B19-BFEC-6E6A2EF841F5} = {B63FDAE4-53A4-4B19-BFEC-6E6A2EF841F5}
	EndProjectSection
EndProject
Project("{8BC9CEB8-8B4A-11D0-8D11-00A0C91BC942}") = "displayinfo", "displayinfo\displayinfo.vcxproj", "{A8D818F5-FAAD-4620-B1AF-1234AB538502}"
	ProjectSection(ProjectDependencies) = postProject
		{577A83B6-66B6-4A98-A3D6-4EBA066A1772} = {577A83B6-66B6-4A98-A3D6-4EBA066A1772}
		{3DA3B4B6-916E-4F21-88C6-512DF0C0A38C} = {3DA3B4B6-916E-4F21-88C6-512DF0C0A38C}
		{0936A7B8-E995-452D-8062-CA9311854018} = {0936A7B8-E995-452D-8062-CA9311854018}
		{B63FDAE4-53A4-4B19-BFEC-6E6A2EF841F5} = {B63FDAE4-53A4-4B19-BFEC-6E6A2EF841F5}
	EndProjectSection
EndProject
Project("{8BC9CEB8-8B4A-11D0-8D11-00A0C91BC942}") = "DisplayInfo", "displayinfo\display_info\display_info.vcxproj", "{B79DE14D-3E0D-440E-A71A-CE7ADD5DF3BA}"
	ProjectSection(ProjectDependencies) = postProject
		{577A83B6-66B6-4A98-A3D6-4EBA066A1772} = {577A83B6-66B6-4A98-A3D6-4EBA066A1772}
		{3DA3B4B6-916E-4F21-88C6-512DF0C0A38C} = {3DA3B4B6-916E-4F21-88C6-512DF0C0A38C}
		{B63FDAE4-53A4-4B19-BFEC-6E6A2EF841F5} = {B63FDAE4-53A4-4B19-BFEC-6E6A2EF841F5}
		{A8D818F5-FAAD-4620-B1AF-1234AB538502} = {A8D818F5-FAAD-4620-B1AF-1234AB538502}
	EndProjectSection
EndProject
Global
	GlobalSection(SolutionConfigurationPlatforms) = preSolution
		Debug|x64 = Debug|x64
		Debug|x86 = Debug|x86
		Release|x64 = Release|x64
		Release|x86 = Release|x86
	EndGlobalSection
	GlobalSection(ProjectConfigurationPlatforms) = postSolution
		{0936A7B8-E995-452D-8062-CA9311854018}.Debug|x64.ActiveCfg = Debug|x64
		{0936A7B8-E995-452D-8062-CA9311854018}.Debug|x64.Build.0 = Debug|x64
		{0936A7B8-E995-452D-8062-CA9311854018}.Debug|x86.ActiveCfg = Debug|Win32
		{0936A7B8-E995-452D-8062-CA9311854018}.Debug|x86.Build.0 = Debug|Win32
		{0936A7B8-E995-452D-8062-CA9311854018}.Release|x64.ActiveCfg = Release|x64
		{0936A7B8-E995-452D-8062-CA9311854018}.Release|x64.Build.0 = Release|x64
		{0936A7B8-E995-452D-8062-CA9311854018}.Release|x86.ActiveCfg = Release|Win32
		{0936A7B8-E995-452D-8062-CA9311854018}.Release|x86.Build.0 = Release|Win32
		{A7B258FF-15DD-4769-966C-703530E26530}.Debug|x64.ActiveCfg = Debug|x64
		{A7B258FF-15DD-4769-966C-703530E26530}.Debug|x64.Build.0 = Debug|x64
		{A7B258FF-15DD-4769-966C-703530E26530}.Debug|x86.ActiveCfg = Debug|Win32
		{A7B258FF-15DD-4769-966C-703530E26530}.Debug|x86.Build.0 = Debug|Win32
		{A7B258FF-15DD-4769-966C-703530E26530}.Release|x64.ActiveCfg = Release|x64
		{A7B258FF-15DD-4769-966C-703530E26530}.Release|x64.Build.0 = Release|x64
		{A7B258FF-15DD-4769-966C-703530E26530}.Release|x86.ActiveCfg = Release|Win32
		{A7B258FF-15DD-4769-966C-703530E26530}.Release|x86.Build.0 = Release|Win32
		{6838AFCB-D65D-443A-A435-2F1940790836}.Debug|x64.ActiveCfg = Debug|x64
		{6838AFCB-D65D-443A-A435-2F1940790836}.Debug|x64.Build.0 = Debug|x64
		{6838AFCB-D65D-443A-A435-2F1940790836}.Debug|x86.ActiveCfg = Debug|Win32
		{6838AFCB-D65D-443A-A435-2F1940790836}.Debug|x86.Build.0 = Debug|Win32
		{6838AFCB-D65D-443A-A435-2F1940790836}.Release|x64.ActiveCfg = Release|x64
		{6838AFCB-D65D-443A-A435-2F1940790836}.Release|x64.Build.0 = Release|x64
		{6838AFCB-D65D-443A-A435-2F1940790836}.Release|x86.ActiveCfg = Release|Win32
		{6838AFCB-D65D-443A-A435-2F1940790836}.Release|x86.Build.0 = Release|Win32
		{B63FDAE4-53A4-4B19-BFEC-6E6A2EF841F5}.Debug|x64.ActiveCfg = Debug|x64
		{B63FDAE4-53A4-4B19-BFEC-6E6A2EF841F5}.Debug|x64.Build.0 = Debug|x64
		{B63FDAE4-53A4-4B19-BFEC-6E6A2EF841F5}.Debug|x86.ActiveCfg = Debug|Win32
		{B63FDAE4-53A4-4B19-BFEC-6E6A2EF841F5}.Debug|x86.Build.0 = Debug|Win32
		{B63FDAE4-53A4-4B19-BFEC-6E6A2EF841F5}.Release|x64.ActiveCfg = Release|x64
		{B63FDAE4-53A4-4B19-BFEC-6E6A2EF841F5}.Release|x64.Build.0 = Release|x64
		{B63FDAE4-53A4-4B19-BFEC-6E6A2EF841F5}.Release|x86.ActiveCfg = Release|Win32
		{B63FDAE4-53A4-4B19-BFEC-6E6A2EF841F5}.Release|x86.Build.0 = Release|Win32
		{6A3B427D-D8AF-4D2A-B400-924D2596DCF7}.Debug|x64.ActiveCfg = Debug|x64
		{6A3B427D-D8AF-4D2A-B400-924D2596DCF7}.Debug|x64.Build.0 = Debug|x64
		{6A3B427D-D8AF-4D2A-B400-924D2596DCF7}.Debug|x86.ActiveCfg = Debug|Win32
		{6A3B427D-D8AF-4D2A-B400-924D2596DCF7}.Debug|x86.Build.0 = Debug|Win32
		{6A3B427D-D8AF-4D2A-B400-924D2596DCF7}.Release|x64.ActiveCfg = Release|x64
		{6A3B427D-D8AF-4D2A-B400-924D2596DCF7}.Release|x64.Build.0 = Release|x64
		{6A3B427D-D8AF-4D2A-B400-924D2596DCF7}.Release|x86.ActiveCfg = Release|Win32
		{6A3B427D-D8AF-4D2A-B400-924D2596DCF7}.Release|x86.Build.0 = Release|Win32
		{0CA4C3EA-2DD4-4BB3-804C-331D09CC3402}.Debug|x64.ActiveCfg = Debug|x64
		{0CA4C3EA-2DD4-4BB3-804C-331D09CC3402}.Debug|x64.Build.0 = Debug|x64
		{0CA4C3EA-2DD4-4BB3-804C-331D09CC3402}.Debug|x86.ActiveCfg = Debug|Win32
		{0CA4C3EA-2DD4-4BB3-804C-331D09CC3402}.Debug|x86.Build.0 = Debug|Win32
		{0CA4C3EA-2DD4-4BB3-804C-331D09CC3402}.Release|x64.ActiveCfg = Release|x64
		{0CA4C3EA-2DD4-4BB3-804C-331D09CC3402}.Release|x64.Build.0 = Release|x64
		{0CA4C3EA-2DD4-4BB3-804C-331D09CC3402}.Release|x86.ActiveCfg = Release|Win32
		{0CA4C3EA-2DD4-4BB3-804C-331D09CC3402}.Release|x86.Build.0 = Release|Win32
		{A39F195B-4FD2-424D-A8C7-3D323C281438}.Debug|x64.ActiveCfg = Debug|x64
		{A39F195B-4FD2-424D-A8C7-3D323C281438}.Debug|x64.Build.0 = Debug|x64
		{A39F195B-4FD2-424D-A8C7-3D323C281438}.Debug|x86.ActiveCfg = Debug|Win32
		{A39F195B-4FD2-424D-A8C7-3D323C281438}.Debug|x86.Build.0 = Debug|Win32
		{A39F195B-4FD2-424D-A8C7-3D323C281438}.Release|x64.ActiveCfg = Release|x64
		{A39F195B-4FD2-424D-A8C7-3D323C281438}.Release|x64.Build.0 = Release|x64
		{A39F195B-4FD2-424D-A8C7-3D323C281438}.Release|x86.ActiveCfg = Release|Win32
		{A39F195B-4FD2-424D-A8C7-3D323C281438}.Release|x86.Build.0 = Release|Win32
		{34090477-688B-45F5-9998-11A71A6B043F}.Debug|x64.ActiveCfg = Debug|x64
		{34090477-688B-45F5-9998-11A71A6B043F}.Debug|x64.Build.0 = Debug|x64
		{34090477-688B-45F5-9998-11A71A6B043F}.Debug|x86.ActiveCfg = Debug|Win32
		{34090477-688B-45F5-9998-11A71A6B043F}.Debug|x86.Build.0 = Debug|Win32
		{34090477-688B-45F5-9998-11A71A6B043F}.Release|x64.ActiveCfg = Release|x64
		{34090477-688B-45F5-9998-11A71A6B043F}.Release|x64.Build.0 = Release|x64
		{34090477-688B-45F5-9998-11A71A6B043F}.Release|x86.ActiveCfg = Release|Win32
		{34090477-688B-45F5-9998-11A71A6B043F}.Release|x86.Build.0 = Release|Win32
		{DEBD9452-DA29-4C28-8800-32E1484EA16F}.Debug|x64.ActiveCfg = Debug|x64
		{DEBD9452-DA29-4C28-8800-32E1484EA16F}.Debug|x64.Build.0 = Debug|x64
		{DEBD9452-DA29-4C28-8800-32E1484EA16F}.Debug|x86.ActiveCfg = Debug|Win32
		{DEBD9452-DA29-4C28-8800-32E1484EA16F}.Debug|x86.Build.0 = Debug|Win32
		{DEBD9452-DA29-4C28-8800-32E1484EA16F}.Release|x64.ActiveCfg = Release|x64
		{DEBD9452-DA29-4C28-8800-32E1484EA16F}.Release|x64.Build.0 = Release|x64
		{DEBD9452-DA29-4C28-8800-32E1484EA16F}.Release|x86.ActiveCfg = Release|Win32
		{DEBD9452-DA29-4C28-8800-32E1484EA16F}.Release|x86.Build.0 = Release|Win32
		{3DA3B4B6-916E-4F21-88C6-512DF0C0A38C}.Debug|x64.ActiveCfg = Debug|x64
		{3DA3B4B6-916E-4F21-88C6-512DF0C0A38C}.Debug|x64.Build.0 = Debug|x64
		{3DA3B4B6-916E-4F21-88C6-512DF0C0A38C}.Debug|x86.ActiveCfg = Debug|Win32
		{3DA3B4B6-916E-4F21-88C6-512DF0C0A38C}.Debug|x86.Build.0 = Debug|Win32
		{3DA3B4B6-916E-4F21-88C6-512DF0C0A38C}.Release|x64.ActiveCfg = Release|x64
		{3DA3B4B6-916E-4F21-88C6-512DF0C0A38C}.Release|x64.Build.0 = Release|x64
		{3DA3B4B6-916E-4F21-88C6-512DF0C0A38C}.Release|x86.ActiveCfg = Release|Win32
		{3DA3B4B6-916E-4F21-88C6-512DF0C0A38C}.Release|x86.Build.0 = Release|Win32
		{B88DE14D-3E0D-440E-A753-CE7ADD5DF3CA}.Debug|x64.ActiveCfg = Debug|x64
		{B88DE14D-3E0D-440E-A753-CE7ADD5DF3CA}.Debug|x64.Build.0 = Debug|x64
		{B88DE14D-3E0D-440E-A753-CE7ADD5DF3CA}.Debug|x86.ActiveCfg = Debug|Win32
		{B88DE14D-3E0D-440E-A753-CE7ADD5DF3CA}.Debug|x86.Build.0 = Debug|Win32
		{B88DE14D-3E0D-440E-A753-CE7ADD5DF3CA}.Release|x64.ActiveCfg = Release|x64
		{B88DE14D-3E0D-440E-A753-CE7ADD5DF3CA}.Release|x64.Build.0 = Release|x64
		{B88DE14D-3E0D-440E-A753-CE7ADD5DF3CA}.Release|x86.ActiveCfg = Release|Win32
		{B88DE14D-3E0D-440E-A753-CE7ADD5DF3CA}.Release|x86.Build.0 = Release|Win32
		{F3DF5408-637E-49DB-BF6B-0B7D17509AC0}.Debug|x64.ActiveCfg = Debug|x64
		{F3DF5408-637E-49DB-BF6B-0B7D17509AC0}.Debug|x64.Build.0 = Debug|x64
		{F3DF5408-637E-49DB-BF6B-0B7D17509AC0}.Debug|x86.ActiveCfg = Debug|Win32
		{F3DF5408-637E-49DB-BF6B-0B7D17509AC0}.Debug|x86.Build.0 = Debug|Win32
		{F3DF5408-637E-49DB-BF6B-0B7D17509AC0}.Release|x64.ActiveCfg = Release|x64
		{F3DF5408-637E-49DB-BF6B-0B7D17509AC0}.Release|x64.Build.0 = Release|x64
		{F3DF5408-637E-49DB-BF6B-0B7D17509AC0}.Release|x86.ActiveCfg = Release|Win32
		{F3DF5408-637E-49DB-BF6B-0B7D17509AC0}.Release|x86.Build.0 = Release|Win32
		{577A83B6-66B6-4A98-A3D6-4EBA066A1772}.Debug|x64.ActiveCfg = Debug|x64
		{577A83B6-66B6-4A98-A3D6-4EBA066A1772}.Debug|x64.Build.0 = Debug|x64
		{577A83B6-66B6-4A98-A3D6-4EBA066A1772}.Debug|x86.ActiveCfg = Debug|Win32
		{577A83B6-66B6-4A98-A3D6-4EBA066A1772}.Debug|x86.Build.0 = Debug|Win32
		{577A83B6-66B6-4A98-A3D6-4EBA066A1772}.Release|x64.ActiveCfg = Release|x64
		{577A83B6-66B6-4A98-A3D6-4EBA066A1772}.Release|x64.Build.0 = Release|x64
		{577A83B6-66B6-4A98-A3D6-4EBA066A1772}.Release|x86.ActiveCfg = Release|Win32
		{577A83B6-66B6-4A98-A3D6-4EBA066A1772}.Release|x86.Build.0 = Release|Win32
		{5CCE3BBB-3CBC-4E4A-92CA-832D119C8F70}.Debug|x64.ActiveCfg = Debug|x64
		{5CCE3BBB-3CBC-4E4A-92CA-832D119C8F70}.Debug|x64.Build.0 = Debug|x64
		{5CCE3BBB-3CBC-4E4A-92CA-832D119C8F70}.Debug|x86.ActiveCfg = Debug|Win32
		{5CCE3BBB-3CBC-4E4A-92CA-832D119C8F70}.Debug|x86.Build.0 = Debug|Win32
		{5CCE3BBB-3CBC-4E4A-92CA-832D119C8F70}.Release|x64.ActiveCfg = Release|x64
		{5CCE3BBB-3CBC-4E4A-92CA-832D119C8F70}.Release|x64.Build.0 = Release|x64
		{5CCE3BBB-3CBC-4E4A-92CA-832D119C8F70}.Release|x86.ActiveCfg = Release|Win32
		{5CCE3BBB-3CBC-4E4A-92CA-832D119C8F70}.Release|x86.Build.0 = Release|Win32
		{DFA83275-7232-4F2B-912A-BD362AA228B3}.Debug|x64.ActiveCfg = Debug|x64
		{DFA83275-7232-4F2B-912A-BD362AA228B3}.Debug|x64.Build.0 = Debug|x64
		{DFA83275-7232-4F2B-912A-BD362AA228B3}.Debug|x86.ActiveCfg = Debug|Win32
		{DFA83275-7232-4F2B-912A-BD362AA228B3}.Debug|x86.Build.0 = Debug|Win32
		{DFA83275-7232-4F2B-912A-BD362AA228B3}.Release|x64.ActiveCfg = Release|x64
		{DFA83275-7232-4F2B-912A-BD362AA228B3}.Release|x64.Build.0 = Release|x64
		{DFA83275-7232-4F2B-912A-BD362AA228B3}.Release|x86.ActiveCfg = Release|Win32
		{DFA83275-7232-4F2B-912A-BD362AA228B3}.Release|x86.Build.0 = Release|Win32
		{A8D818F5-7324-4620-B1AF-B388AB538502}.Debug|x64.ActiveCfg = Debug|x64
		{A8D818F5-7324-4620-B1AF-B388AB538502}.Debug|x64.Build.0 = Debug|x64
		{A8D818F5-7324-4620-B1AF-B388AB538502}.Debug|x86.ActiveCfg = Debug|Win32
		{A8D818F5-7324-4620-B1AF-B388AB538502}.Debug|x86.Build.0 = Debug|Win32
		{A8D818F5-7324-4620-B1AF-B388AB538502}.Release|x64.ActiveCfg = Release|x64
		{A8D818F5-7324-4620-B1AF-B388AB538502}.Release|x64.Build.0 = Release|x64
		{A8D818F5-7324-4620-B1AF-B388AB538502}.Release|x86.ActiveCfg = Release|Win32
		{A8D818F5-7324-4620-B1AF-B388AB538502}.Release|x86.Build.0 = Release|Win32
		{6C8E75A7-796C-4598-9CFF-4F462F998355}.Debug|x64.ActiveCfg = Debug|x64
		{6C8E75A7-796C-4598-9CFF-4F462F998355}.Debug|x64.Build.0 = Debug|x64
		{6C8E75A7-796C-4598-9CFF-4F462F998355}.Debug|x86.ActiveCfg = Debug|Win32
		{6C8E75A7-796C-4598-9CFF-4F462F998355}.Debug|x86.Build.0 = Debug|Win32
		{6C8E75A7-796C-4598-9CFF-4F462F998355}.Release|x64.ActiveCfg = Release|x64
		{6C8E75A7-796C-4598-9CFF-4F462F998355}.Release|x64.Build.0 = Release|x64
		{6C8E75A7-796C-4598-9CFF-4F462F998355}.Release|x86.ActiveCfg = Release|Win32
		{6C8E75A7-796C-4598-9CFF-4F462F998355}.Release|x86.Build.0 = Release|Win32
		{6C8E75AE-796C-4598-9CFF-4F462F968955}.Debug|x64.ActiveCfg = Debug|x64
		{6C8E75AE-796C-4598-9CFF-4F462F968955}.Debug|x64.Build.0 = Debug|x64
		{6C8E75AE-796C-4598-9CFF-4F462F968955}.Debug|x86.ActiveCfg = Debug|Win32
		{6C8E75AE-796C-4598-9CFF-4F462F968955}.Debug|x86.Build.0 = Debug|Win32
		{6C8E75AE-796C-4598-9CFF-4F462F968955}.Release|x64.ActiveCfg = Release|x64
		{6C8E75AE-796C-4598-9CFF-4F462F968955}.Release|x64.Build.0 = Release|x64
		{6C8E75AE-796C-4598-9CFF-4F462F968955}.Release|x86.ActiveCfg = Release|Win32
		{6C8E75AE-796C-4598-9CFF-4F462F968955}.Release|x86.Build.0 = Release|Win32
		{614AEA75-493F-4DB4-897C-6A31238C5781}.Debug|x64.ActiveCfg = Debug|x64
		{614AEA75-493F-4DB4-897C-6A31238C5781}.Debug|x64.Build.0 = Debug|x64
		{614AEA75-493F-4DB4-897C-6A31238C5781}.Debug|x86.ActiveCfg = Debug|Win32
		{614AEA75-493F-4DB4-897C-6A31238C5781}.Debug|x86.Build.0 = Debug|Win32
		{614AEA75-493F-4DB4-897C-6A31238C5781}.Release|x64.ActiveCfg = Release|x64
		{614AEA75-493F-4DB4-897C-6A31238C5781}.Release|x64.Build.0 = Release|x64
		{614AEA75-493F-4DB4-897C-6A31238C5781}.Release|x86.ActiveCfg = Release|Win32
		{614AEA75-493F-4DB4-897C-6A31238C5781}.Release|x86.Build.0 = Release|Win32
		{43EAC8C4-B127-4F65-B621-BC14F9C65243}.Debug|x64.ActiveCfg = Debug|x64
		{43EAC8C4-B127-4F65-B621-BC14F9C65243}.Debug|x64.Build.0 = Debug|x64
		{43EAC8C4-B127-4F65-B621-BC14F9C65243}.Debug|x86.ActiveCfg = Debug|Win32
		{43EAC8C4-B127-4F65-B621-BC14F9C65243}.Debug|x86.Build.0 = Debug|Win32
		{43EAC8C4-B127-4F65-B621-BC14F9C65243}.Release|x64.ActiveCfg = Release|x64
		{43EAC8C4-B127-4F65-B621-BC14F9C65243}.Release|x64.Build.0 = Release|x64
		{43EAC8C4-B127-4F65-B621-BC14F9C65243}.Release|x86.ActiveCfg = Release|Win32
		{43EAC8C4-B127-4F65-B621-BC14F9C65243}.Release|x86.Build.0 = Release|Win32
		{51CD3B12-3CCC-4345-92F3-832D23F98F70}.Debug|x64.ActiveCfg = Debug|x64
		{51CD3B12-3CCC-4345-92F3-832D23F98F70}.Debug|x64.Build.0 = Debug|x64
		{51CD3B12-3CCC-4345-92F3-832D23F98F70}.Debug|x86.ActiveCfg = Debug|Win32
		{51CD3B12-3CCC-4345-92F3-832D23F98F70}.Debug|x86.Build.0 = Debug|Win32
		{51CD3B12-3CCC-4345-92F3-832D23F98F70}.Release|x64.ActiveCfg = Release|x64
		{51CD3B12-3CCC-4345-92F3-832D23F98F70}.Release|x64.Build.0 = Release|x64
		{51CD3B12-3CCC-4345-92F3-832D23F98F70}.Release|x86.ActiveCfg = Release|Win32
		{51CD3B12-3CCC-4345-92F3-832D23F98F70}.Release|x86.Build.0 = Release|Win32
		{43EAC8C4-C127-4F65-B621-AC64F9C65223}.Debug|x64.ActiveCfg = Debug|x64
		{43EAC8C4-C127-4F65-B621-AC64F9C65223}.Debug|x64.Build.0 = Debug|x64
		{43EAC8C4-C127-4F65-B621-AC64F9C65223}.Debug|x86.ActiveCfg = Debug|Win32
		{43EAC8C4-C127-4F65-B621-AC64F9C65223}.Debug|x86.Build.0 = Debug|Win32
		{43EAC8C4-C127-4F65-B621-AC64F9C65223}.Release|x64.ActiveCfg = Release|x64
		{43EAC8C4-C127-4F65-B621-AC64F9C65223}.Release|x64.Build.0 = Release|x64
		{43EAC8C4-C127-4F65-B621-AC64F9C65223}.Release|x86.ActiveCfg = Release|Win32
		{43EAC8C4-C127-4F65-B621-AC64F9C65223}.Release|x86.Build.0 = Release|Win32
		{51CD3B12-3C87-424A-92C3-832D11F98F70}.Debug|x64.ActiveCfg = Debug|x64
		{51CD3B12-3C87-424A-92C3-832D11F98F70}.Debug|x64.Build.0 = Debug|x64
		{51CD3B12-3C87-424A-92C3-832D11F98F70}.Debug|x86.ActiveCfg = Debug|Win32
		{51CD3B12-3C87-424A-92C3-832D11F98F70}.Debug|x86.Build.0 = Debug|Win32
		{51CD3B12-3C87-424A-92C3-832D11F98F70}.Release|x64.ActiveCfg = Release|x64
		{51CD3B12-3C87-424A-92C3-832D11F98F70}.Release|x64.Build.0 = Release|x64
		{51CD3B12-3C87-424A-92C3-832D11F98F70}.Release|x86.ActiveCfg = Release|Win32
		{51CD3B12-3C87-424A-92C3-832D11F98F70}.Release|x86.Build.0 = Release|Win32
		{614AEA75-493F-4DB4-897C-6A3EAF8C5781}.Debug|x64.ActiveCfg = Debug|x64
		{614AEA75-493F-4DB4-897C-6A3EAF8C5781}.Debug|x64.Build.0 = Debug|x64
		{614AEA75-493F-4DB4-897C-6A3EAF8C5781}.Debug|x86.ActiveCfg = Debug|Win32
		{614AEA75-493F-4DB4-897C-6A3EAF8C5781}.Debug|x86.Build.0 = Debug|Win32
		{614AEA75-493F-4DB4-897C-6A3EAF8C5781}.Release|x64.ActiveCfg = Release|x64
		{614AEA75-493F-4DB4-897C-6A3EAF8C5781}.Release|x64.Build.0 = Release|x64
		{614AEA75-493F-4DB4-897C-6A3EAF8C5781}.Release|x86.ActiveCfg = Release|Win32
		{614AEA75-493F-4DB4-897C-6A3EAF8C5781}.Release|x86.Build.0 = Release|Win32
		{7E7E9E39-AAA8-4A95-A53F-D1C6E88E97E8}.Debug|x64.ActiveCfg = Debug|x64
		{7E7E9E39-AAA8-4A95-A53F-D1C6E88E97E8}.Debug|x64.Build.0 = Debug|x64
		{7E7E9E39-AAA8-4A95-A53F-D1C6E88E97E8}.Debug|x86.ActiveCfg = Debug|Win32
		{7E7E9E39-AAA8-4A95-A53F-D1C6E88E97E8}.Debug|x86.Build.0 = Debug|Win32
		{7E7E9E39-AAA8-4A95-A53F-D1C6E88E97E8}.Release|x64.ActiveCfg = Release|x64
		{7E7E9E39-AAA8-4A95-A53F-D1C6E88E97E8}.Release|x64.Build.0 = Release|x64
		{7E7E9E39-AAA8-4A95-A53F-D1C6E88E97E8}.Release|x86.ActiveCfg = Release|Win32
		{7E7E9E39-AAA8-4A95-A53F-D1C6E88E97E8}.Release|x86.Build.0 = Release|Win32
		{2CD4DE2B-7064-41E9-892E-6F249C7E6BF5}.Debug|x64.ActiveCfg = Debug|x64
		{2CD4DE2B-7064-41E9-892E-6F249C7E6BF5}.Debug|x64.Build.0 = Debug|x64
		{2CD4DE2B-7064-41E9-892E-6F249C7E6BF5}.Debug|x86.ActiveCfg = Debug|Win32
		{2CD4DE2B-7064-41E9-892E-6F249C7E6BF5}.Debug|x86.Build.0 = Debug|Win32
		{2CD4DE2B-7064-41E9-892E-6F249C7E6BF5}.Release|x64.ActiveCfg = Release|x64
		{2CD4DE2B-7064-41E9-892E-6F249C7E6BF5}.Release|x64.Build.0 = Release|x64
		{2CD4DE2B-7064-41E9-892E-6F249C7E6BF5}.Release|x86.ActiveCfg = Release|Win32
		{2CD4DE2B-7064-41E9-892E-6F249C7E6BF5}.Release|x86.Build.0 = Release|Win32
		{5CCE3B12-3CCC-4E4A-92CA-832D11F98F70}.Debug|x64.ActiveCfg = Debug|x64
		{5CCE3B12-3CCC-4E4A-92CA-832D11F98F70}.Debug|x64.Build.0 = Debug|x64
		{5CCE3B12-3CCC-4E4A-92CA-832D11F98F70}.Debug|x86.ActiveCfg = Debug|Win32
		{5CCE3B12-3CCC-4E4A-92CA-832D11F98F70}.Debug|x86.Build.0 = Debug|Win32
		{5CCE3B12-3CCC-4E4A-92CA-832D11F98F70}.Release|x64.ActiveCfg = Release|x64
		{5CCE3B12-3CCC-4E4A-92CA-832D11F98F70}.Release|x64.Build.0 = Release|x64
		{5CCE3B12-3CCC-4E4A-92CA-832D11F98F70}.Release|x86.ActiveCfg = Release|Win32
		{5CCE3B12-3CCC-4E4A-92CA-832D11F98F70}.Release|x86.Build.0 = Release|Win32
		{3B2AABD2-060F-4C2C-8633-4005645564F2}.Debug|x64.ActiveCfg = Debug|x64
		{3B2AABD2-060F-4C2C-8633-4005645564F2}.Debug|x64.Build.0 = Debug|x64
		{3B2AABD2-060F-4C2C-8633-4005645564F2}.Debug|x86.ActiveCfg = Debug|Win32
		{3B2AABD2-060F-4C2C-8633-4005645564F2}.Debug|x86.Build.0 = Debug|Win32
		{3B2AABD2-060F-4C2C-8633-4005645564F2}.Release|x64.ActiveCfg = Release|x64
		{3B2AABD2-060F-4C2C-8633-4005645564F2}.Release|x64.Build.0 = Release|x64
		{3B2AABD2-060F-4C2C-8633-4005645564F2}.Release|x86.ActiveCfg = Release|Win32
		{3B2AABD2-060F-4C2C-8633-4005645564F2}.Release|x86.Build.0 = Release|Win32
		{ACA665CC-3DFA-4C22-A6F4-2DF827A9378A}.Debug|x64.ActiveCfg = Debug|x64
		{ACA665CC-3DFA-4C22-A6F4-2DF827A9378A}.Debug|x64.Build.0 = Debug|x64
		{ACA665CC-3DFA-4C22-A6F4-2DF827A9378A}.Debug|x86.ActiveCfg = Debug|Win32
		{ACA665CC-3DFA-4C22-A6F4-2DF827A9378A}.Debug|x86.Build.0 = Debug|Win32
		{ACA665CC-3DFA-4C22-A6F4-2DF827A9378A}.Release|x64.ActiveCfg = Release|x64
		{ACA665CC-3DFA-4C22-A6F4-2DF827A9378A}.Release|x64.Build.0 = Release|x64
		{ACA665CC-3DFA-4C22-A6F4-2DF827A9378A}.Release|x86.ActiveCfg = Release|Win32
		{ACA665CC-3DFA-4C22-A6F4-2DF827A9378A}.Release|x86.Build.0 = Release|Win32
		{51CD3B12-3CCC-4E4A-92C3-832D11F98F70}.Debug|x64.ActiveCfg = Debug|x64
		{51CD3B12-3CCC-4E4A-92C3-832D11F98F70}.Debug|x64.Build.0 = Debug|x64
		{51CD3B12-3CCC-4E4A-92C3-832D11F98F70}.Debug|x86.ActiveCfg = Debug|Win32
		{51CD3B12-3CCC-4E4A-92C3-832D11F98F70}.Debug|x86.Build.0 = Debug|Win32
		{51CD3B12-3CCC-4E4A-92C3-832D11F98F70}.Release|x64.ActiveCfg = Release|x64
		{51CD3B12-3CCC-4E4A-92C3-832D11F98F70}.Release|x64.Build.0 = Release|x64
		{51CD3B12-3CCC-4E4A-92C3-832D11F98F70}.Release|x86.ActiveCfg = Release|Win32
		{51CD3B12-3CCC-4E4A-92C3-832D11F98F70}.Release|x86.Build.0 = Release|Win32
		{6B9091EB-E0CA-4FE5-9FF1-69DE4D749F00}.Debug|x64.ActiveCfg = Debug|x64
		{6B9091EB-E0CA-4FE5-9FF1-69DE4D749F00}.Debug|x64.Build.0 = Debug|x64
		{6B9091EB-E0CA-4FE5-9FF1-69DE4D749F00}.Debug|x86.ActiveCfg = Debug|Win32
		{6B9091EB-E0CA-4FE5-9FF1-69DE4D749F00}.Debug|x86.Build.0 = Debug|Win32
		{6B9091EB-E0CA-4FE5-9FF1-69DE4D749F00}.Release|x64.ActiveCfg = Release|x64
		{6B9091EB-E0CA-4FE5-9FF1-69DE4D749F00}.Release|x64.Build.0 = Release|x64
		{6B9091EB-E0CA-4FE5-9FF1-69DE4D749F00}.Release|x86.ActiveCfg = Release|Win32
		{6B9091EB-E0CA-4FE5-9FF1-69DE4D749F00}.Release|x86.Build.0 = Release|Win32
		{DFA83275-7232-423B-912A-BD362AA228B3}.Debug|x64.ActiveCfg = Debug|x64
		{DFA83275-7232-423B-912A-BD362AA228B3}.Debug|x64.Build.0 = Debug|x64
		{DFA83275-7232-423B-912A-BD362AA228B3}.Debug|x86.ActiveCfg = Debug|Win32
		{DFA83275-7232-423B-912A-BD362AA228B3}.Debug|x86.Build.0 = Debug|Win32
		{DFA83275-7232-423B-912A-BD362AA228B3}.Release|x64.ActiveCfg = Release|x64
		{DFA83275-7232-423B-912A-BD362AA228B3}.Release|x64.Build.0 = Release|x64
		{DFA83275-7232-423B-912A-BD362AA228B3}.Release|x86.ActiveCfg = Release|Win32
		{DFA83275-7232-423B-912A-BD362AA228B3}.Release|x86.Build.0 = Release|Win32
		{BA2829C1-66EF-4C21-852D-ECA482898DCF}.Debug|x64.ActiveCfg = Debug|x64
		{BA2829C1-66EF-4C21-852D-ECA482898DCF}.Debug|x64.Build.0 = Debug|x64
		{BA2829C1-66EF-4C21-852D-ECA482898DCF}.Debug|x86.ActiveCfg = Debug|Win32
		{BA2829C1-66EF-4C21-852D-ECA482898DCF}.Debug|x86.Build.0 = Debug|Win32
		{BA2829C1-66EF-4C21-852D-ECA482898DCF}.Release|x64.ActiveCfg = Release|x64
		{BA2829C1-66EF-4C21-852D-ECA482898DCF}.Release|x64.Build.0 = Release|x64
		{BA2829C1-66EF-4C21-852D-ECA482898DCF}.Release|x86.ActiveCfg = Release|Win32
		{BA2829C1-66EF-4C21-852D-ECA482898DCF}.Release|x86.Build.0 = Release|Win32
		{D93FD85B-F6AC-4387-9C61-5625899CECFD}.Debug|x64.ActiveCfg = Debug|x64
		{D93FD85B-F6AC-4387-9C61-5625899CECFD}.Debug|x64.Build.0 = Debug|x64
		{D93FD85B-F6AC-4387-9C61-5625899CECFD}.Debug|x86.ActiveCfg = Debug|Win32
		{D93FD85B-F6AC-4387-9C61-5625899CECFD}.Debug|x86.Build.0 = Debug|Win32
		{D93FD85B-F6AC-4387-9C61-5625899CECFD}.Release|x64.ActiveCfg = Release|x64
		{D93FD85B-F6AC-4387-9C61-5625899CECFD}.Release|x64.Build.0 = Release|x64
		{D93FD85B-F6AC-4387-9C61-5625899CECFD}.Release|x86.ActiveCfg = Release|Win32
		{D93FD85B-F6AC-4387-9C61-5625899CECFD}.Release|x86.Build.0 = Release|Win32
		{A39F195B-4FD2-1234-A8C7-3D323C285438}.Debug|x64.ActiveCfg = Debug|x64
		{A39F195B-4FD2-1234-A8C7-3D323C285438}.Debug|x64.Build.0 = Debug|x64
		{A39F195B-4FD2-1234-A8C7-3D323C285438}.Debug|x86.ActiveCfg = Debug|Win32
		{A39F195B-4FD2-1234-A8C7-3D323C285438}.Debug|x86.Build.0 = Debug|Win32
		{A39F195B-4FD2-1234-A8C7-3D323C285438}.Release|x64.ActiveCfg = Release|x64
		{A39F195B-4FD2-1234-A8C7-3D323C285438}.Release|x64.Build.0 = Release|x64
		{A39F195B-4FD2-1234-A8C7-3D323C285438}.Release|x86.ActiveCfg = Release|Win32
		{A39F195B-4FD2-1234-A8C7-3D323C285438}.Release|x86.Build.0 = Release|Win32
		{DFA83275-7232-423B-912A-BD3628C228B3}.Debug|x64.ActiveCfg = Debug|x64
		{DFA83275-7232-423B-912A-BD3628C228B3}.Debug|x64.Build.0 = Debug|x64
		{DFA83275-7232-423B-912A-BD3628C228B3}.Debug|x86.ActiveCfg = Debug|Win32
		{DFA83275-7232-423B-912A-BD3628C228B3}.Debug|x86.Build.0 = Debug|Win32
		{DFA83275-7232-423B-912A-BD3628C228B3}.Release|x64.ActiveCfg = Release|x64
		{DFA83275-7232-423B-912A-BD3628C228B3}.Release|x64.Build.0 = Release|x64
		{DFA83275-7232-423B-912A-BD3628C228B3}.Release|x86.ActiveCfg = Release|Win32
		{DFA83275-7232-423B-912A-BD3628C228B3}.Release|x86.Build.0 = Release|Win32
		{DFA83275-7232-4212-912A-BD362AA278B3}.Debug|x64.ActiveCfg = Debug|x64
		{DFA83275-7232-4212-912A-BD362AA278B3}.Debug|x64.Build.0 = Debug|x64
		{DFA83275-7232-4212-912A-BD362AA278B3}.Debug|x86.ActiveCfg = Debug|Win32
		{DFA83275-7232-4212-912A-BD362AA278B3}.Debug|x86.Build.0 = Debug|Win32
		{DFA83275-7232-4212-912A-BD362AA278B3}.Release|x64.ActiveCfg = Release|x64
		{DFA83275-7232-4212-912A-BD362AA278B3}.Release|x64.Build.0 = Release|x64
		{DFA83275-7232-4212-912A-BD362AA278B3}.Release|x86.ActiveCfg = Release|Win32
		{DFA83275-7232-4212-912A-BD362AA278B3}.Release|x86.Build.0 = Release|Win32
		{A8D818F5-FAAD-4620-B1AF-1234AB538502}.Debug|x64.ActiveCfg = Debug|x64
		{A8D818F5-FAAD-4620-B1AF-1234AB538502}.Debug|x64.Build.0 = Debug|x64
		{A8D818F5-FAAD-4620-B1AF-1234AB538502}.Debug|x86.ActiveCfg = Debug|Win32
		{A8D818F5-FAAD-4620-B1AF-1234AB538502}.Debug|x86.Build.0 = Debug|Win32
		{A8D818F5-FAAD-4620-B1AF-1234AB538502}.Release|x64.ActiveCfg = Release|x64
		{A8D818F5-FAAD-4620-B1AF-1234AB538502}.Release|x64.Build.0 = Release|x64
		{A8D818F5-FAAD-4620-B1AF-1234AB538502}.Release|x86.ActiveCfg = Release|Win32
		{A8D818F5-FAAD-4620-B1AF-1234AB538502}.Release|x86.Build.0 = Release|Win32
		{B79DE14D-3E0D-440E-A71A-CE7ADD5DF3BA}.Debug|x64.ActiveCfg = Debug|x64
		{B79DE14D-3E0D-440E-A71A-CE7ADD5DF3BA}.Debug|x64.Build.0 = Debug|x64
		{B79DE14D-3E0D-440E-A71A-CE7ADD5DF3BA}.Debug|x86.ActiveCfg = Debug|Win32
		{B79DE14D-3E0D-440E-A71A-CE7ADD5DF3BA}.Debug|x86.Build.0 = Debug|Win32
		{B79DE14D-3E0D-440E-A71A-CE7ADD5DF3BA}.Release|x64.ActiveCfg = Release|x64
		{B79DE14D-3E0D-440E-A71A-CE7ADD5DF3BA}.Release|x64.Build.0 = Release|x64
		{B79DE14D-3E0D-440E-A71A-CE7ADD5DF3BA}.Release|x86.ActiveCfg = Release|Win32
		{B79DE14D-3E0D-440E-A71A-CE7ADD5DF3BA}.Release|x86.Build.0 = Release|Win32
	EndGlobalSection
	GlobalSection(SolutionProperties) = preSolution
		HideSolutionNode = FALSE
	EndGlobalSection
	GlobalSection(NestedProjects) = preSolution
		{0936A7B8-E995-452D-8062-CA9311854018} = {D7AD4AF2-B32F-44C6-9F19-90484D586346}
		{A7B258FF-15DD-4769-966C-703530E26530} = {D7AD4AF2-B32F-44C6-9F19-90484D586346}
		{6838AFCB-D65D-443A-A435-2F1940790836} = {D7AD4AF2-B32F-44C6-9F19-90484D586346}
		{B63FDAE4-53A4-4B19-BFEC-6E6A2EF841F5} = {D7AD4AF2-B32F-44C6-9F19-90484D586346}
		{6A3B427D-D8AF-4D2A-B400-924D2596DCF7} = {D7AD4AF2-B32F-44C6-9F19-90484D586346}
		{0CA4C3EA-2DD4-4BB3-804C-331D09CC3402} = {D7AD4AF2-B32F-44C6-9F19-90484D586346}
		{A39F195B-4FD2-424D-A8C7-3D323C281438} = {D7AD4AF2-B32F-44C6-9F19-90484D586346}
		{34090477-688B-45F5-9998-11A71A6B043F} = {D7AD4AF2-B32F-44C6-9F19-90484D586346}
		{DEBD9452-DA29-4C28-8800-32E1484EA16F} = {D7AD4AF2-B32F-44C6-9F19-90484D586346}
		{3DA3B4B6-916E-4F21-88C6-512DF0C0A38C} = {58B7B6E2-3FC1-4BB6-92E0-7E3E651A304C}
		{B88DE14D-3E0D-440E-A753-CE7ADD5DF3CA} = {AFFB8D67-1F60-40FE-8055-BDD120015C09}
		{F3DF5408-637E-49DB-BF6B-0B7D17509AC0} = {AFFB8D67-1F60-40FE-8055-BDD120015C09}
		{577A83B6-66B6-4A98-A3D6-4EBA066A1772} = {58B7B6E2-3FC1-4BB6-92E0-7E3E651A304C}
		{5CCE3BBB-3CBC-4E4A-92CA-832D119C8F70} = {ADCA6209-AD2C-4990-9825-DE8CCA79BA2B}
		{DFA83275-7232-4F2B-912A-BD362AA228B3} = {3757757F-7978-4C27-8691-73FFF12BDE9B}
		{A8D818F5-7324-4620-B1AF-B388AB538502} = {D7AD4AF2-B32F-44C6-9F19-90484D586346}
		{6C8E75A7-796C-4598-9CFF-4F462F998355} = {008FC636-F920-4BA2-B90F-F100E723FA51}
		{6C8E75AE-796C-4598-9CFF-4F462F968955} = {ADCA6209-AD2C-4990-9825-DE8CCA79BA2B}
		{614AEA75-493F-4DB4-897C-6A31238C5781} = {ADCA6209-AD2C-4990-9825-DE8CCA79BA2B}
		{43EAC8C4-B127-4F65-B621-BC14F9C65243} = {ADCA6209-AD2C-4990-9825-DE8CCA79BA2B}
		{51CD3B12-3CCC-4345-92F3-832D23F98F70} = {ADCA6209-AD2C-4990-9825-DE8CCA79BA2B}
		{43EAC8C4-C127-4F65-B621-AC64F9C65223} = {ADCA6209-AD2C-4990-9825-DE8CCA79BA2B}
		{51CD3B12-3C87-424A-92C3-832D11F98F70} = {ADCA6209-AD2C-4990-9825-DE8CCA79BA2B}
		{614AEA75-493F-4DB4-897C-6A3EAF8C5781} = {ADCA6209-AD2C-4990-9825-DE8CCA79BA2B}
		{7E7E9E39-AAA8-4A95-A53F-D1C6E88E97E8} = {ADCA6209-AD2C-4990-9825-DE8CCA79BA2B}
		{2CD4DE2B-7064-41E9-892E-6F249C7E6BF5} = {ADCA6209-AD2C-4990-9825-DE8CCA79BA2B}
		{5CCE3B12-3CCC-4E4A-92CA-832D11F98F70} = {ADCA6209-AD2C-4990-9825-DE8CCA79BA2B}
		{3B2AABD2-060F-4C2C-8633-4005645564F2} = {ADCA6209-AD2C-4990-9825-DE8CCA79BA2B}
		{ACA665CC-3DFA-4C22-A6F4-2DF827A9378A} = {ADCA6209-AD2C-4990-9825-DE8CCA79BA2B}
		{51CD3B12-3CCC-4E4A-92C3-832D11F98F70} = {ADCA6209-AD2C-4990-9825-DE8CCA79BA2B}
		{6B9091EB-E0CA-4FE5-9FF1-69DE4D749F00} = {ADCA6209-AD2C-4990-9825-DE8CCA79BA2B}
		{DFA83275-7232-423B-912A-BD362AA228B3} = {3757757F-7978-4C27-8691-73FFF12BDE9B}
		{BA2829C1-66EF-4C21-852D-ECA482898DCF} = {ADCA6209-AD2C-4990-9825-DE8CCA79BA2B}
		{D93FD85B-F6AC-4387-9C61-5625899CECFD} = {3757757F-7978-4C27-8691-73FFF12BDE9B}
		{A39F195B-4FD2-1234-A8C7-3D323C285438} = {3757757F-7978-4C27-8691-73FFF12BDE9B}
		{DFA83275-7232-423B-912A-BD3628C228B3} = {3757757F-7978-4C27-8691-73FFF12BDE9B}
		{DFA83275-7232-4212-912A-BD362AA278B3} = {3757757F-7978-4C27-8691-73FFF12BDE9B}
		{A8D818F5-FAAD-4620-B1AF-1234AB538502} = {D7AD4AF2-B32F-44C6-9F19-90484D586346}
		{B79DE14D-3E0D-440E-A71A-CE7ADD5DF3BA} = {3757757F-7978-4C27-8691-73FFF12BDE9B}
	EndGlobalSection
	GlobalSection(ExtensibilityGlobals) = postSolution
		SolutionGuid = {6895E9E2-C386-4F32-A22C-BE5EF06CFC20}
	EndGlobalSection
EndGlobal
