
Microsoft Visual Studio Solution File, Format Version 12.00
# Visual Studio 15
VisualStudioVersion = 15.0.28307.438
MinimumVisualStudioVersion = 10.0.40219.1
Project("{8BC9CEB8-8B4A-11D0-8D11-00A0C91BC942}") = "core", "core\core.vcxproj", "{0936A7B8-E995-452D-8062-CA9311854018}"
EndProject
Project("{8BC9CEB8-8B4A-11D0-8D11-00A0C91BC942}") = "cryptalgo", "cryptalgo\cryptalgo.vcxproj", "{A7B258FF-15DD-4769-966C-703530E26530}"
	ProjectSection(ProjectDependencies) = postProject
		{0936A7B8-E995-452D-8062-CA9311854018} = {0936A7B8-E995-452D-8062-CA9311854018}
	EndProjectSection
EndProject
Project("{8BC9CEB8-8B4A-11D0-8D11-00A0C91BC942}") = "tracing", "tracing\tracing.vcxproj", "{6838AFCB-D65D-443A-A435-2F1940790836}"
	ProjectSection(ProjectDependencies) = postProject
		{0936A7B8-E995-452D-8062-CA9311854018} = {0936A7B8-E995-452D-8062-CA9311854018}
	EndProjectSection
EndProject
Project("{8BC9CEB8-8B4A-11D0-8D11-00A0C91BC942}") = "com", "com\com.vcxproj", "{B63FDAE4-53A4-4B19-BFEC-6E6A2EF841F5}"
	ProjectSection(ProjectDependencies) = postProject
		{0936A7B8-E995-452D-8062-CA9311854018} = {0936A7B8-E995-452D-8062-CA9311854018}
		{6838AFCB-D65D-443A-A435-2F1940790836} = {6838AFCB-D65D-443A-A435-2F1940790836}
	EndProjectSection
EndProject
Project("{8BC9CEB8-8B4A-11D0-8D11-00A0C91BC942}") = "websocket", "websocket\websocket.vcxproj", "{6A3B427D-D8AF-4D2A-B400-924D2596DCF7}"
	ProjectSection(ProjectDependencies) = postProject
		{0936A7B8-E995-452D-8062-CA9311854018} = {0936A7B8-E995-452D-8062-CA9311854018}
		{A7B258FF-15DD-4769-966C-703530E26530} = {A7B258FF-15DD-4769-966C-703530E26530}
	EndProjectSection
EndProject
Project("{8BC9CEB8-8B4A-11D0-8D11-00A0C91BC942}") = "plugins", "plugins\plugins.vcxproj", "{0CA4C3EA-2DD4-4BB3-804C-331D09CC3402}"
	ProjectSection(ProjectDependencies) = postProject
		{6A3B427D-D8AF-4D2A-B400-924D2596DCF7} = {6A3B427D-D8AF-4D2A-B400-924D2596DCF7}
		{0936A7B8-E995-452D-8062-CA9311854018} = {0936A7B8-E995-452D-8062-CA9311854018}
		{6838AFCB-D65D-443A-A435-2F1940790836} = {6838AFCB-D65D-443A-A435-2F1940790836}
		{B63FDAE4-53A4-4B19-BFEC-6E6A2EF841F5} = {B63FDAE4-53A4-4B19-BFEC-6E6A2EF841F5}
		{A7B258FF-15DD-4769-966C-703530E26530} = {A7B258FF-15DD-4769-966C-703530E26530}
	EndProjectSection
EndProject
Project("{8BC9CEB8-8B4A-11D0-8D11-00A0C91BC942}") = "jsonrpc", "jsonrpc\jsonrpc.vcxproj", "{E79C61E4-338F-4FEC-84A9-6A7E3AFD62B6}"
	ProjectSection(ProjectDependencies) = postProject
		{6A3B427D-D8AF-4D2A-B400-924D2596DCF7} = {6A3B427D-D8AF-4D2A-B400-924D2596DCF7}
		{0936A7B8-E995-452D-8062-CA9311854018} = {0936A7B8-E995-452D-8062-CA9311854018}
	EndProjectSection
EndProject
Project("{8BC9CEB8-8B4A-11D0-8D11-00A0C91BC942}") = "proxystubs", "proxystubs\proxystubs.vcxproj", "{A39F195B-4FD2-424D-A8C7-3D323C281438}"
	ProjectSection(ProjectDependencies) = postProject
		{0936A7B8-E995-452D-8062-CA9311854018} = {0936A7B8-E995-452D-8062-CA9311854018}
		{B63FDAE4-53A4-4B19-BFEC-6E6A2EF841F5} = {B63FDAE4-53A4-4B19-BFEC-6E6A2EF841F5}
		{0CA4C3EA-2DD4-4BB3-804C-331D09CC3402} = {0CA4C3EA-2DD4-4BB3-804C-331D09CC3402}
	EndProjectSection
EndProject
Project("{8BC9CEB8-8B4A-11D0-8D11-00A0C91BC942}") = "ocdm", "ocdm\ocdm.vcxproj", "{34090477-688B-45F5-9998-11A71A6B043F}"
	ProjectSection(ProjectDependencies) = postProject
		{0936A7B8-E995-452D-8062-CA9311854018} = {0936A7B8-E995-452D-8062-CA9311854018}
		{B63FDAE4-53A4-4B19-BFEC-6E6A2EF841F5} = {B63FDAE4-53A4-4B19-BFEC-6E6A2EF841F5}
	EndProjectSection
EndProject
Project("{8BC9CEB8-8B4A-11D0-8D11-00A0C91BC942}") = "virtualinput", "virtualinput\virtualinput.vcxproj", "{DEBD9452-DA29-4C28-8800-32E1484EA16F}"
	ProjectSection(ProjectDependencies) = postProject
		{B63FDAE4-53A4-4B19-BFEC-6E6A2EF841F5} = {B63FDAE4-53A4-4B19-BFEC-6E6A2EF841F5}
	EndProjectSection
EndProject
Project("{8BC9CEB8-8B4A-11D0-8D11-00A0C91BC942}") = "interfaces", "interfaces\interfaces.vcxproj", "{3DA3B4B6-916E-4F21-88C6-512DF0C0A38C}"
	ProjectSection(ProjectDependencies) = postProject
		{0936A7B8-E995-452D-8062-CA9311854018} = {0936A7B8-E995-452D-8062-CA9311854018}
		{B63FDAE4-53A4-4B19-BFEC-6E6A2EF841F5} = {B63FDAE4-53A4-4B19-BFEC-6E6A2EF841F5}
		{0CA4C3EA-2DD4-4BB3-804C-331D09CC3402} = {0CA4C3EA-2DD4-4BB3-804C-331D09CC3402}
	EndProjectSection
EndProject
Project("{8BC9CEB8-8B4A-11D0-8D11-00A0C91BC942}") = "comprocess", "WPEProcess\comprocess.vcxproj", "{B88DE14D-3E0D-440E-A753-CE7ADD5DF3CA}"
	ProjectSection(ProjectDependencies) = postProject
		{0936A7B8-E995-452D-8062-CA9311854018} = {0936A7B8-E995-452D-8062-CA9311854018}
		{B63FDAE4-53A4-4B19-BFEC-6E6A2EF841F5} = {B63FDAE4-53A4-4B19-BFEC-6E6A2EF841F5}
	EndProjectSection
EndProject
Project("{8BC9CEB8-8B4A-11D0-8D11-00A0C91BC942}") = "bridge", "WPEFramework\bridge.vcxproj", "{F3DF5408-637E-49DB-BF6B-0B7D17509AC0}"
	ProjectSection(ProjectDependencies) = postProject
		{B88DE14D-3E0D-440E-A753-CE7ADD5DF3CA} = {B88DE14D-3E0D-440E-A753-CE7ADD5DF3CA}
		{6A3B427D-D8AF-4D2A-B400-924D2596DCF7} = {6A3B427D-D8AF-4D2A-B400-924D2596DCF7}
		{0936A7B8-E995-452D-8062-CA9311854018} = {0936A7B8-E995-452D-8062-CA9311854018}
		{6838AFCB-D65D-443A-A435-2F1940790836} = {6838AFCB-D65D-443A-A435-2F1940790836}
		{B63FDAE4-53A4-4B19-BFEC-6E6A2EF841F5} = {B63FDAE4-53A4-4B19-BFEC-6E6A2EF841F5}
		{0CA4C3EA-2DD4-4BB3-804C-331D09CC3402} = {0CA4C3EA-2DD4-4BB3-804C-331D09CC3402}
	EndProjectSection
EndProject
Project("{2150E333-8FDC-42A3-9474-1A3956D46DE8}") = "Tests", "Tests", "{3757757F-7978-4C27-8691-73FFF12BDE9B}"
EndProject
Project("{8BC9CEB8-8B4A-11D0-8D11-00A0C91BC942}") = "JSONRPCPlugin", "tests\JSONRPCPlugin\JSONRPCPlugin.vcxproj", "{5CCE3BBB-3CBC-4E4A-92CA-832D119C8F70}"
	ProjectSection(ProjectDependencies) = postProject
		{0936A7B8-E995-452D-8062-CA9311854018} = {0936A7B8-E995-452D-8062-CA9311854018}
		{0CA4C3EA-2DD4-4BB3-804C-331D09CC3402} = {0CA4C3EA-2DD4-4BB3-804C-331D09CC3402}
	EndProjectSection
EndProject
Project("{8BC9CEB8-8B4A-11D0-8D11-00A0C91BC942}") = "OutOfProcessPlugin", "tests\OutOfProcessPlugin\OutOfProcessPlugin.vcxproj", "{D93FD85B-F6AC-4387-9C61-5625899CECFD}"
	ProjectSection(ProjectDependencies) = postProject
		{0936A7B8-E995-452D-8062-CA9311854018} = {0936A7B8-E995-452D-8062-CA9311854018}
		{0CA4C3EA-2DD4-4BB3-804C-331D09CC3402} = {0CA4C3EA-2DD4-4BB3-804C-331D09CC3402}
	EndProjectSection
EndProject
Project("{8BC9CEB8-8B4A-11D0-8D11-00A0C91BC942}") = "JSONRPCClient", "tests\JSONRPCClient\JSONRPCClient.vcxproj", "{DFA83275-7232-4F2B-912A-BD362AA228B3}"
	ProjectSection(ProjectDependencies) = postProject
		{0936A7B8-E995-452D-8062-CA9311854018} = {0936A7B8-E995-452D-8062-CA9311854018}
		{E79C61E4-338F-4FEC-84A9-6A7E3AFD62B6} = {E79C61E4-338F-4FEC-84A9-6A7E3AFD62B6}
	EndProjectSection
EndProject
Global
	GlobalSection(SolutionConfigurationPlatforms) = preSolution
		Debug|x64 = Debug|x64
		Debug|x86 = Debug|x86
		Release|x64 = Release|x64
		Release|x86 = Release|x86
	EndGlobalSection
	GlobalSection(ProjectConfigurationPlatforms) = postSolution
		{0936A7B8-E995-452D-8062-CA9311854018}.Debug|x64.ActiveCfg = Debug|x64
		{0936A7B8-E995-452D-8062-CA9311854018}.Debug|x64.Build.0 = Debug|x64
		{0936A7B8-E995-452D-8062-CA9311854018}.Debug|x86.ActiveCfg = Debug|Win32
		{0936A7B8-E995-452D-8062-CA9311854018}.Debug|x86.Build.0 = Debug|Win32
		{0936A7B8-E995-452D-8062-CA9311854018}.Release|x64.ActiveCfg = Release|x64
		{0936A7B8-E995-452D-8062-CA9311854018}.Release|x64.Build.0 = Release|x64
		{0936A7B8-E995-452D-8062-CA9311854018}.Release|x86.ActiveCfg = Release|Win32
		{0936A7B8-E995-452D-8062-CA9311854018}.Release|x86.Build.0 = Release|Win32
		{A7B258FF-15DD-4769-966C-703530E26530}.Debug|x64.ActiveCfg = Debug|x64
		{A7B258FF-15DD-4769-966C-703530E26530}.Debug|x64.Build.0 = Debug|x64
		{A7B258FF-15DD-4769-966C-703530E26530}.Debug|x86.ActiveCfg = Debug|Win32
		{A7B258FF-15DD-4769-966C-703530E26530}.Debug|x86.Build.0 = Debug|Win32
		{A7B258FF-15DD-4769-966C-703530E26530}.Release|x64.ActiveCfg = Release|x64
		{A7B258FF-15DD-4769-966C-703530E26530}.Release|x64.Build.0 = Release|x64
		{A7B258FF-15DD-4769-966C-703530E26530}.Release|x86.ActiveCfg = Release|Win32
		{A7B258FF-15DD-4769-966C-703530E26530}.Release|x86.Build.0 = Release|Win32
		{6838AFCB-D65D-443A-A435-2F1940790836}.Debug|x64.ActiveCfg = Debug|x64
		{6838AFCB-D65D-443A-A435-2F1940790836}.Debug|x64.Build.0 = Debug|x64
		{6838AFCB-D65D-443A-A435-2F1940790836}.Debug|x86.ActiveCfg = Debug|Win32
		{6838AFCB-D65D-443A-A435-2F1940790836}.Debug|x86.Build.0 = Debug|Win32
		{6838AFCB-D65D-443A-A435-2F1940790836}.Release|x64.ActiveCfg = Release|x64
		{6838AFCB-D65D-443A-A435-2F1940790836}.Release|x64.Build.0 = Release|x64
		{6838AFCB-D65D-443A-A435-2F1940790836}.Release|x86.ActiveCfg = Release|Win32
		{6838AFCB-D65D-443A-A435-2F1940790836}.Release|x86.Build.0 = Release|Win32
		{B63FDAE4-53A4-4B19-BFEC-6E6A2EF841F5}.Debug|x64.ActiveCfg = Debug|x64
		{B63FDAE4-53A4-4B19-BFEC-6E6A2EF841F5}.Debug|x64.Build.0 = Debug|x64
		{B63FDAE4-53A4-4B19-BFEC-6E6A2EF841F5}.Debug|x86.ActiveCfg = Debug|Win32
		{B63FDAE4-53A4-4B19-BFEC-6E6A2EF841F5}.Debug|x86.Build.0 = Debug|Win32
		{B63FDAE4-53A4-4B19-BFEC-6E6A2EF841F5}.Release|x64.ActiveCfg = Release|x64
		{B63FDAE4-53A4-4B19-BFEC-6E6A2EF841F5}.Release|x64.Build.0 = Release|x64
		{B63FDAE4-53A4-4B19-BFEC-6E6A2EF841F5}.Release|x86.ActiveCfg = Release|Win32
		{B63FDAE4-53A4-4B19-BFEC-6E6A2EF841F5}.Release|x86.Build.0 = Release|Win32
		{6A3B427D-D8AF-4D2A-B400-924D2596DCF7}.Debug|x64.ActiveCfg = Debug|x64
		{6A3B427D-D8AF-4D2A-B400-924D2596DCF7}.Debug|x64.Build.0 = Debug|x64
		{6A3B427D-D8AF-4D2A-B400-924D2596DCF7}.Debug|x86.ActiveCfg = Debug|Win32
		{6A3B427D-D8AF-4D2A-B400-924D2596DCF7}.Debug|x86.Build.0 = Debug|Win32
		{6A3B427D-D8AF-4D2A-B400-924D2596DCF7}.Release|x64.ActiveCfg = Release|x64
		{6A3B427D-D8AF-4D2A-B400-924D2596DCF7}.Release|x64.Build.0 = Release|x64
		{6A3B427D-D8AF-4D2A-B400-924D2596DCF7}.Release|x86.ActiveCfg = Release|Win32
		{6A3B427D-D8AF-4D2A-B400-924D2596DCF7}.Release|x86.Build.0 = Release|Win32
		{0CA4C3EA-2DD4-4BB3-804C-331D09CC3402}.Debug|x64.ActiveCfg = Debug|x64
		{0CA4C3EA-2DD4-4BB3-804C-331D09CC3402}.Debug|x64.Build.0 = Debug|x64
		{0CA4C3EA-2DD4-4BB3-804C-331D09CC3402}.Debug|x86.ActiveCfg = Debug|Win32
		{0CA4C3EA-2DD4-4BB3-804C-331D09CC3402}.Debug|x86.Build.0 = Debug|Win32
		{0CA4C3EA-2DD4-4BB3-804C-331D09CC3402}.Release|x64.ActiveCfg = Release|x64
		{0CA4C3EA-2DD4-4BB3-804C-331D09CC3402}.Release|x64.Build.0 = Release|x64
		{0CA4C3EA-2DD4-4BB3-804C-331D09CC3402}.Release|x86.ActiveCfg = Release|Win32
		{0CA4C3EA-2DD4-4BB3-804C-331D09CC3402}.Release|x86.Build.0 = Release|Win32
		{E79C61E4-338F-4FEC-84A9-6A7E3AFD62B6}.Debug|x64.ActiveCfg = Debug|x64
		{E79C61E4-338F-4FEC-84A9-6A7E3AFD62B6}.Debug|x64.Build.0 = Debug|x64
		{E79C61E4-338F-4FEC-84A9-6A7E3AFD62B6}.Debug|x86.ActiveCfg = Debug|Win32
		{E79C61E4-338F-4FEC-84A9-6A7E3AFD62B6}.Debug|x86.Build.0 = Debug|Win32
		{E79C61E4-338F-4FEC-84A9-6A7E3AFD62B6}.Release|x64.ActiveCfg = Release|x64
		{E79C61E4-338F-4FEC-84A9-6A7E3AFD62B6}.Release|x64.Build.0 = Release|x64
		{E79C61E4-338F-4FEC-84A9-6A7E3AFD62B6}.Release|x86.ActiveCfg = Release|Win32
		{E79C61E4-338F-4FEC-84A9-6A7E3AFD62B6}.Release|x86.Build.0 = Release|Win32
		{A39F195B-4FD2-424D-A8C7-3D323C281438}.Debug|x64.ActiveCfg = Debug|x64
		{A39F195B-4FD2-424D-A8C7-3D323C281438}.Debug|x64.Build.0 = Debug|x64
		{A39F195B-4FD2-424D-A8C7-3D323C281438}.Debug|x86.ActiveCfg = Debug|Win32
		{A39F195B-4FD2-424D-A8C7-3D323C281438}.Debug|x86.Build.0 = Debug|Win32
		{A39F195B-4FD2-424D-A8C7-3D323C281438}.Release|x64.ActiveCfg = Release|x64
		{A39F195B-4FD2-424D-A8C7-3D323C281438}.Release|x64.Build.0 = Release|x64
		{A39F195B-4FD2-424D-A8C7-3D323C281438}.Release|x86.ActiveCfg = Release|Win32
		{A39F195B-4FD2-424D-A8C7-3D323C281438}.Release|x86.Build.0 = Release|Win32
		{34090477-688B-45F5-9998-11A71A6B043F}.Debug|x64.ActiveCfg = Debug|x64
		{34090477-688B-45F5-9998-11A71A6B043F}.Debug|x64.Build.0 = Debug|x64
		{34090477-688B-45F5-9998-11A71A6B043F}.Debug|x86.ActiveCfg = Debug|Win32
		{34090477-688B-45F5-9998-11A71A6B043F}.Debug|x86.Build.0 = Debug|Win32
		{34090477-688B-45F5-9998-11A71A6B043F}.Release|x64.ActiveCfg = Release|x64
		{34090477-688B-45F5-9998-11A71A6B043F}.Release|x64.Build.0 = Release|x64
		{34090477-688B-45F5-9998-11A71A6B043F}.Release|x86.ActiveCfg = Release|Win32
		{34090477-688B-45F5-9998-11A71A6B043F}.Release|x86.Build.0 = Release|Win32
		{DEBD9452-DA29-4C28-8800-32E1484EA16F}.Debug|x64.ActiveCfg = Debug|x64
		{DEBD9452-DA29-4C28-8800-32E1484EA16F}.Debug|x64.Build.0 = Debug|x64
		{DEBD9452-DA29-4C28-8800-32E1484EA16F}.Debug|x86.ActiveCfg = Debug|Win32
		{DEBD9452-DA29-4C28-8800-32E1484EA16F}.Debug|x86.Build.0 = Debug|Win32
		{DEBD9452-DA29-4C28-8800-32E1484EA16F}.Release|x64.ActiveCfg = Release|x64
		{DEBD9452-DA29-4C28-8800-32E1484EA16F}.Release|x64.Build.0 = Release|x64
		{DEBD9452-DA29-4C28-8800-32E1484EA16F}.Release|x86.ActiveCfg = Release|Win32
		{DEBD9452-DA29-4C28-8800-32E1484EA16F}.Release|x86.Build.0 = Release|Win32
		{3DA3B4B6-916E-4F21-88C6-512DF0C0A38C}.Debug|x64.ActiveCfg = Debug|x64
		{3DA3B4B6-916E-4F21-88C6-512DF0C0A38C}.Debug|x64.Build.0 = Debug|x64
		{3DA3B4B6-916E-4F21-88C6-512DF0C0A38C}.Debug|x86.ActiveCfg = Debug|Win32
		{3DA3B4B6-916E-4F21-88C6-512DF0C0A38C}.Debug|x86.Build.0 = Debug|Win32
		{3DA3B4B6-916E-4F21-88C6-512DF0C0A38C}.Release|x64.ActiveCfg = Release|x64
		{3DA3B4B6-916E-4F21-88C6-512DF0C0A38C}.Release|x64.Build.0 = Release|x64
		{3DA3B4B6-916E-4F21-88C6-512DF0C0A38C}.Release|x86.ActiveCfg = Release|Win32
		{3DA3B4B6-916E-4F21-88C6-512DF0C0A38C}.Release|x86.Build.0 = Release|Win32
		{B88DE14D-3E0D-440E-A753-CE7ADD5DF3CA}.Debug|x64.ActiveCfg = Debug|x64
		{B88DE14D-3E0D-440E-A753-CE7ADD5DF3CA}.Debug|x64.Build.0 = Debug|x64
		{B88DE14D-3E0D-440E-A753-CE7ADD5DF3CA}.Debug|x86.ActiveCfg = Debug|Win32
		{B88DE14D-3E0D-440E-A753-CE7ADD5DF3CA}.Debug|x86.Build.0 = Debug|Win32
		{B88DE14D-3E0D-440E-A753-CE7ADD5DF3CA}.Release|x64.ActiveCfg = Release|x64
		{B88DE14D-3E0D-440E-A753-CE7ADD5DF3CA}.Release|x64.Build.0 = Release|x64
		{B88DE14D-3E0D-440E-A753-CE7ADD5DF3CA}.Release|x86.ActiveCfg = Release|Win32
		{B88DE14D-3E0D-440E-A753-CE7ADD5DF3CA}.Release|x86.Build.0 = Release|Win32
		{F3DF5408-637E-49DB-BF6B-0B7D17509AC0}.Debug|x64.ActiveCfg = Debug|x64
		{F3DF5408-637E-49DB-BF6B-0B7D17509AC0}.Debug|x64.Build.0 = Debug|x64
		{F3DF5408-637E-49DB-BF6B-0B7D17509AC0}.Debug|x86.ActiveCfg = Debug|Win32
		{F3DF5408-637E-49DB-BF6B-0B7D17509AC0}.Debug|x86.Build.0 = Debug|Win32
		{F3DF5408-637E-49DB-BF6B-0B7D17509AC0}.Release|x64.ActiveCfg = Release|x64
		{F3DF5408-637E-49DB-BF6B-0B7D17509AC0}.Release|x64.Build.0 = Release|x64
		{F3DF5408-637E-49DB-BF6B-0B7D17509AC0}.Release|x86.ActiveCfg = Release|Win32
		{F3DF5408-637E-49DB-BF6B-0B7D17509AC0}.Release|x86.Build.0 = Release|Win32
		{5CCE3BBB-3CBC-4E4A-92CA-832D119C8F70}.Debug|x64.ActiveCfg = Debug|x64
		{5CCE3BBB-3CBC-4E4A-92CA-832D119C8F70}.Debug|x64.Build.0 = Debug|x64
		{5CCE3BBB-3CBC-4E4A-92CA-832D119C8F70}.Debug|x86.ActiveCfg = Debug|Win32
		{5CCE3BBB-3CBC-4E4A-92CA-832D119C8F70}.Debug|x86.Build.0 = Debug|Win32
		{5CCE3BBB-3CBC-4E4A-92CA-832D119C8F70}.Release|x64.ActiveCfg = Release|x64
		{5CCE3BBB-3CBC-4E4A-92CA-832D119C8F70}.Release|x64.Build.0 = Release|x64
		{5CCE3BBB-3CBC-4E4A-92CA-832D119C8F70}.Release|x86.ActiveCfg = Release|Win32
		{5CCE3BBB-3CBC-4E4A-92CA-832D119C8F70}.Release|x86.Build.0 = Release|Win32
		{D93FD85B-F6AC-4387-9C61-5625899CECFD}.Debug|x64.ActiveCfg = Debug|x64
		{D93FD85B-F6AC-4387-9C61-5625899CECFD}.Debug|x64.Build.0 = Debug|x64
		{D93FD85B-F6AC-4387-9C61-5625899CECFD}.Debug|x86.ActiveCfg = Debug|Win32
		{D93FD85B-F6AC-4387-9C61-5625899CECFD}.Debug|x86.Build.0 = Debug|Win32
		{D93FD85B-F6AC-4387-9C61-5625899CECFD}.Release|x64.ActiveCfg = Release|x64
		{D93FD85B-F6AC-4387-9C61-5625899CECFD}.Release|x64.Build.0 = Release|x64
		{D93FD85B-F6AC-4387-9C61-5625899CECFD}.Release|x86.ActiveCfg = Release|Win32
		{D93FD85B-F6AC-4387-9C61-5625899CECFD}.Release|x86.Build.0 = Release|Win32
		{DFA83275-7232-4F2B-912A-BD362AA228B3}.Debug|x64.ActiveCfg = Debug|x64
		{DFA83275-7232-4F2B-912A-BD362AA228B3}.Debug|x64.Build.0 = Debug|x64
		{DFA83275-7232-4F2B-912A-BD362AA228B3}.Debug|x86.ActiveCfg = Debug|Win32
		{DFA83275-7232-4F2B-912A-BD362AA228B3}.Debug|x86.Build.0 = Debug|Win32
		{DFA83275-7232-4F2B-912A-BD362AA228B3}.Release|x64.ActiveCfg = Release|x64
		{DFA83275-7232-4F2B-912A-BD362AA228B3}.Release|x64.Build.0 = Release|x64
		{DFA83275-7232-4F2B-912A-BD362AA228B3}.Release|x86.ActiveCfg = Release|Win32
		{DFA83275-7232-4F2B-912A-BD362AA228B3}.Release|x86.Build.0 = Release|Win32
	EndGlobalSection
	GlobalSection(SolutionProperties) = preSolution
		HideSolutionNode = FALSE
	EndGlobalSection
	GlobalSection(NestedProjects) = preSolution
		{5CCE3BBB-3CBC-4E4A-92CA-832D119C8F70} = {3757757F-7978-4C27-8691-73FFF12BDE9B}
		{D93FD85B-F6AC-4387-9C61-5625899CECFD} = {3757757F-7978-4C27-8691-73FFF12BDE9B}
		{DFA83275-7232-4F2B-912A-BD362AA228B3} = {3757757F-7978-4C27-8691-73FFF12BDE9B}
	EndGlobalSection
	GlobalSection(ExtensibilityGlobals) = postSolution
		SolutionGuid = {6895E9E2-C386-4F32-A22C-BE5EF06CFC20}
	EndGlobalSection
EndGlobal
