
Microsoft Visual Studio Solution File, Format Version 12.00
# Visual Studio Version 16
VisualStudioVersion = 16.0.29418.71
MinimumVisualStudioVersion = 10.0.40219.1
Project("{8BC9CEB8-8B4A-11D0-8D11-00A0C91BC942}") = "core", "core\core.vcxproj", "{0936A7B8-E995-452D-8062-CA9311854018}"
EndProject
Project("{8BC9CEB8-8B4A-11D0-8D11-00A0C91BC942}") = "cryptalgo", "cryptalgo\cryptalgo.vcxproj", "{A7B258FF-15DD-4769-966C-703530E26530}"
	ProjectSection(ProjectDependencies) = postProject
		{0936A7B8-E995-452D-8062-CA9311854018} = {0936A7B8-E995-452D-8062-CA9311854018}
	EndProjectSection
EndProject
Project("{8BC9CEB8-8B4A-11D0-8D11-00A0C91BC942}") = "tracing", "tracing\tracing.vcxproj", "{6838AFCB-D65D-443A-A435-2F1940790836}"
	ProjectSection(ProjectDependencies) = postProject
		{0936A7B8-E995-452D-8062-CA9311854018} = {0936A7B8-E995-452D-8062-CA9311854018}
	EndProjectSection
EndProject
Project("{8BC9CEB8-8B4A-11D0-8D11-00A0C91BC942}") = "com", "com\com.vcxproj", "{B63FDAE4-53A4-4B19-BFEC-6E6A2EF841F5}"
	ProjectSection(ProjectDependencies) = postProject
		{0936A7B8-E995-452D-8062-CA9311854018} = {0936A7B8-E995-452D-8062-CA9311854018}
		{6838AFCB-D65D-443A-A435-2F1940790836} = {6838AFCB-D65D-443A-A435-2F1940790836}
	EndProjectSection
EndProject
Project("{8BC9CEB8-8B4A-11D0-8D11-00A0C91BC942}") = "websocket", "websocket\websocket.vcxproj", "{6A3B427D-D8AF-4D2A-B400-924D2596DCF7}"
	ProjectSection(ProjectDependencies) = postProject
		{0936A7B8-E995-452D-8062-CA9311854018} = {0936A7B8-E995-452D-8062-CA9311854018}
		{A7B258FF-15DD-4769-966C-703530E26530} = {A7B258FF-15DD-4769-966C-703530E26530}
	EndProjectSection
EndProject
Project("{8BC9CEB8-8B4A-11D0-8D11-00A0C91BC942}") = "plugins", "plugins\plugins.vcxproj", "{0CA4C3EA-2DD4-4BB3-804C-331D09CC3402}"
	ProjectSection(ProjectDependencies) = postProject
		{6A3B427D-D8AF-4D2A-B400-924D2596DCF7} = {6A3B427D-D8AF-4D2A-B400-924D2596DCF7}
		{0936A7B8-E995-452D-8062-CA9311854018} = {0936A7B8-E995-452D-8062-CA9311854018}
		{6838AFCB-D65D-443A-A435-2F1940790836} = {6838AFCB-D65D-443A-A435-2F1940790836}
		{B63FDAE4-53A4-4B19-BFEC-6E6A2EF841F5} = {B63FDAE4-53A4-4B19-BFEC-6E6A2EF841F5}
		{A7B258FF-15DD-4769-966C-703530E26530} = {A7B258FF-15DD-4769-966C-703530E26530}
	EndProjectSection
EndProject
Project("{8BC9CEB8-8B4A-11D0-8D11-00A0C91BC942}") = "proxystubs", "proxystubs\proxystubs.vcxproj", "{A39F195B-4FD2-424D-A8C7-3D323C281438}"
	ProjectSection(ProjectDependencies) = postProject
		{0936A7B8-E995-452D-8062-CA9311854018} = {0936A7B8-E995-452D-8062-CA9311854018}
		{B63FDAE4-53A4-4B19-BFEC-6E6A2EF841F5} = {B63FDAE4-53A4-4B19-BFEC-6E6A2EF841F5}
		{0CA4C3EA-2DD4-4BB3-804C-331D09CC3402} = {0CA4C3EA-2DD4-4BB3-804C-331D09CC3402}
	EndProjectSection
EndProject
Project("{8BC9CEB8-8B4A-11D0-8D11-00A0C91BC942}") = "ocdm", "ocdm\ocdm.vcxproj", "{34090477-688B-45F5-9998-11A71A6B043F}"
	ProjectSection(ProjectDependencies) = postProject
		{0936A7B8-E995-452D-8062-CA9311854018} = {0936A7B8-E995-452D-8062-CA9311854018}
		{B63FDAE4-53A4-4B19-BFEC-6E6A2EF841F5} = {B63FDAE4-53A4-4B19-BFEC-6E6A2EF841F5}
	EndProjectSection
EndProject
Project("{8BC9CEB8-8B4A-11D0-8D11-00A0C91BC942}") = "virtualinput", "virtualinput\virtualinput.vcxproj", "{DEBD9452-DA29-4C28-8800-32E1484EA16F}"
	ProjectSection(ProjectDependencies) = postProject
		{B63FDAE4-53A4-4B19-BFEC-6E6A2EF841F5} = {B63FDAE4-53A4-4B19-BFEC-6E6A2EF841F5}
	EndProjectSection
EndProject
Project("{8BC9CEB8-8B4A-11D0-8D11-00A0C91BC942}") = "interfaces", "interfaces\interfaces.vcxproj", "{3DA3B4B6-916E-4F21-88C6-512DF0C0A38C}"
	ProjectSection(ProjectDependencies) = postProject
		{0936A7B8-E995-452D-8062-CA9311854018} = {0936A7B8-E995-452D-8062-CA9311854018}
		{B63FDAE4-53A4-4B19-BFEC-6E6A2EF841F5} = {B63FDAE4-53A4-4B19-BFEC-6E6A2EF841F5}
		{0CA4C3EA-2DD4-4BB3-804C-331D09CC3402} = {0CA4C3EA-2DD4-4BB3-804C-331D09CC3402}
	EndProjectSection
EndProject
Project("{8BC9CEB8-8B4A-11D0-8D11-00A0C91BC942}") = "comprocess", "WPEProcess\comprocess.vcxproj", "{B88DE14D-3E0D-440E-A753-CE7ADD5DF3CA}"
	ProjectSection(ProjectDependencies) = postProject
		{0936A7B8-E995-452D-8062-CA9311854018} = {0936A7B8-E995-452D-8062-CA9311854018}
		{B63FDAE4-53A4-4B19-BFEC-6E6A2EF841F5} = {B63FDAE4-53A4-4B19-BFEC-6E6A2EF841F5}
	EndProjectSection
EndProject
Project("{8BC9CEB8-8B4A-11D0-8D11-00A0C91BC942}") = "bridge", "WPEFramework\bridge.vcxproj", "{F3DF5408-637E-49DB-BF6B-0B7D17509AC0}"
	ProjectSection(ProjectDependencies) = postProject
		{B88DE14D-3E0D-440E-A753-CE7ADD5DF3CA} = {B88DE14D-3E0D-440E-A753-CE7ADD5DF3CA}
		{6A3B427D-D8AF-4D2A-B400-924D2596DCF7} = {6A3B427D-D8AF-4D2A-B400-924D2596DCF7}
		{0936A7B8-E995-452D-8062-CA9311854018} = {0936A7B8-E995-452D-8062-CA9311854018}
		{6838AFCB-D65D-443A-A435-2F1940790836} = {6838AFCB-D65D-443A-A435-2F1940790836}
		{B63FDAE4-53A4-4B19-BFEC-6E6A2EF841F5} = {B63FDAE4-53A4-4B19-BFEC-6E6A2EF841F5}
		{0CA4C3EA-2DD4-4BB3-804C-331D09CC3402} = {0CA4C3EA-2DD4-4BB3-804C-331D09CC3402}
	EndProjectSection
EndProject
Project("{2150E333-8FDC-42A3-9474-1A3956D46DE8}") = "Tests", "Tests", "{3757757F-7978-4C27-8691-73FFF12BDE9B}"
EndProject
Project("{2150E333-8FDC-42A3-9474-1A3956D46DE8}") = "Plugin", "Plugin", "{ADCA6209-AD2C-4990-9825-DE8CCA79BA2B}"
EndProject
Project("{8BC9CEB8-8B4A-11D0-8D11-00A0C91BC942}") = "definitions", "interfaces\Definitions.vcxproj", "{577A83B6-66B6-4A98-A3D6-4EBA066A1772}"
	ProjectSection(ProjectDependencies) = postProject
		{0936A7B8-E995-452D-8062-CA9311854018} = {0936A7B8-E995-452D-8062-CA9311854018}
		{B63FDAE4-53A4-4B19-BFEC-6E6A2EF841F5} = {B63FDAE4-53A4-4B19-BFEC-6E6A2EF841F5}
	EndProjectSection
EndProject
Project("{8BC9CEB8-8B4A-11D0-8D11-00A0C91BC942}") = "Monitor", "..\..\ThunderNanoServices\Monitor\Monitor.vcxproj", "{614AEA75-493F-4DB4-897C-6A3EAF8C5781}"
	ProjectSection(ProjectDependencies) = postProject
		{0CA4C3EA-2DD4-4BB3-804C-331D09CC3402} = {0CA4C3EA-2DD4-4BB3-804C-331D09CC3402}
	EndProjectSection
EndProject
Project("{8BC9CEB8-8B4A-11D0-8D11-00A0C91BC942}") = "OpenCDMi", "..\..\ThunderNanoServices\OpenCDMi\OpenCDMi.vcxproj", "{7E7E9E39-AAA8-4A95-A53F-D1C6E88E97E8}"
	ProjectSection(ProjectDependencies) = postProject
		{0CA4C3EA-2DD4-4BB3-804C-331D09CC3402} = {0CA4C3EA-2DD4-4BB3-804C-331D09CC3402}
	EndProjectSection
EndProject
Project("{8BC9CEB8-8B4A-11D0-8D11-00A0C91BC942}") = "SecurityAgent", "..\..\ThunderNanoServices\SecurityAgent\SecurityAgent.vcxproj", "{5CCE3B12-3CCC-4E4A-92CA-832D11F98F70}"
	ProjectSection(ProjectDependencies) = postProject
		{0CA4C3EA-2DD4-4BB3-804C-331D09CC3402} = {0CA4C3EA-2DD4-4BB3-804C-331D09CC3402}
	EndProjectSection
EndProject
Project("{8BC9CEB8-8B4A-11D0-8D11-00A0C91BC942}") = "TraceControl", "..\..\ThunderNanoServices\TraceControl\TraceControl.vcxproj", "{ACA665CC-3DFA-4C22-A6F4-2DF827A9378A}"
	ProjectSection(ProjectDependencies) = postProject
		{577A83B6-66B6-4A98-A3D6-4EBA066A1772} = {577A83B6-66B6-4A98-A3D6-4EBA066A1772}
		{0CA4C3EA-2DD4-4BB3-804C-331D09CC3402} = {0CA4C3EA-2DD4-4BB3-804C-331D09CC3402}
	EndProjectSection
EndProject
Project("{8BC9CEB8-8B4A-11D0-8D11-00A0C91BC942}") = "DeviceInfo", "..\..\ThunderNanoServices\DeviceInfo\DeviceInfo.vcxproj", "{6C8E75AE-796C-4598-9CFF-4F462F968955}"
	ProjectSection(ProjectDependencies) = postProject
		{0CA4C3EA-2DD4-4BB3-804C-331D09CC3402} = {0CA4C3EA-2DD4-4BB3-804C-331D09CC3402}
	EndProjectSection
EndProject
Project("{8BC9CEB8-8B4A-11D0-8D11-00A0C91BC942}") = "TimeSync", "..\..\ThunderNanoServices\TimeSync\TimeSync.vcxproj", "{43DAC8C4-C127-4FC5-B6D1-AC64F9C65223}"
	ProjectSection(ProjectDependencies) = postProject
		{0CA4C3EA-2DD4-4BB3-804C-331D09CC3402} = {0CA4C3EA-2DD4-4BB3-804C-331D09CC3402}
	EndProjectSection
EndProject
Project("{8BC9CEB8-8B4A-11D0-8D11-00A0C91BC942}") = "RemoteControl", "..\..\ThunderNanoServices\RemoteControl\RemoteControl.vcxproj", "{2CD4DE2B-7064-41E9-892E-6F249C7E6BF5}"
	ProjectSection(ProjectDependencies) = postProject
		{577A83B6-66B6-4A98-A3D6-4EBA066A1772} = {577A83B6-66B6-4A98-A3D6-4EBA066A1772}
		{0CA4C3EA-2DD4-4BB3-804C-331D09CC3402} = {0CA4C3EA-2DD4-4BB3-804C-331D09CC3402}
	EndProjectSection
EndProject
Project("{8BC9CEB8-8B4A-11D0-8D11-00A0C91BC942}") = "Commander", "..\..\ThunderNanoServices\Commander\Commander.vcxproj", "{987AB4C4-2127-DFCA-B6D1-1264F1B65293}"
	ProjectSection(ProjectDependencies) = postProject
		{0CA4C3EA-2DD4-4BB3-804C-331D09CC3402} = {0CA4C3EA-2DD4-4BB3-804C-331D09CC3402}
	EndProjectSection
EndProject
Project("{8BC9CEB8-8B4A-11D0-8D11-00A0C91BC942}") = "DHCPServer", "..\..\ThunderNanoServices\DHCPServer\DHCPServer.vcxproj", "{F3E4C8C4-C127-4F65-B62C-AC64F3C65D23}"
	ProjectSection(ProjectDependencies) = postProject
		{0CA4C3EA-2DD4-4BB3-804C-331D09CC3402} = {0CA4C3EA-2DD4-4BB3-804C-331D09CC3402}
	EndProjectSection
EndProject
Project("{8BC9CEB8-8B4A-11D0-8D11-00A0C91BC942}") = "DIALServer", "..\..\ThunderNanoServices\DIALServer\DIALServer.vcxproj", "{43DAC1C4-C137-40C5-B6D1-AC64F996529A}"
	ProjectSection(ProjectDependencies) = postProject
		{0CA4C3EA-2DD4-4BB3-804C-331D09CC3402} = {0CA4C3EA-2DD4-4BB3-804C-331D09CC3402}
	EndProjectSection
EndProject
Project("{8BC9CEB8-8B4A-11D0-8D11-00A0C91BC942}") = "LocationSync", "..\..\ThunderNanoServices\LocationSync\LocationSync.vcxproj", "{43EAC8C4-C127-4F65-B621-AC64F9C65223}"
	ProjectSection(ProjectDependencies) = postProject
		{0CA4C3EA-2DD4-4BB3-804C-331D09CC3402} = {0CA4C3EA-2DD4-4BB3-804C-331D09CC3402}
	EndProjectSection
EndProject
Project("{8BC9CEB8-8B4A-11D0-8D11-00A0C91BC942}") = "WebProxy", "..\..\ThunderNanoServices\WebProxy\WebProxy.vcxproj", "{43DAC1C4-C137-40C5-B6D1-AC64F9968813}"
	ProjectSection(ProjectDependencies) = postProject
		{0CA4C3EA-2DD4-4BB3-804C-331D09CC3402} = {0CA4C3EA-2DD4-4BB3-804C-331D09CC3402}
	EndProjectSection
EndProject
Project("{8BC9CEB8-8B4A-11D0-8D11-00A0C91BC942}") = "WebServer", "..\..\ThunderNanoServices\WebServer\WebServer.vcxproj", "{6B9091EB-E0CA-4FE5-9FF1-69DE4D749F00}"
	ProjectSection(ProjectDependencies) = postProject
		{0CA4C3EA-2DD4-4BB3-804C-331D09CC3402} = {0CA4C3EA-2DD4-4BB3-804C-331D09CC3402}
	EndProjectSection
EndProject
Project("{8BC9CEB8-8B4A-11D0-8D11-00A0C91BC942}") = "JSONRPCPlugin", "..\..\ThunderNanoServices\examples\JSONRPCPlugin\JSONRPCPlugin.vcxproj", "{5CCE3BBB-3CBC-4E4A-92CA-832D119C8F70}"
	ProjectSection(ProjectDependencies) = postProject
		{0CA4C3EA-2DD4-4BB3-804C-331D09CC3402} = {0CA4C3EA-2DD4-4BB3-804C-331D09CC3402}
	EndProjectSection
EndProject
Project("{8BC9CEB8-8B4A-11D0-8D11-00A0C91BC942}") = "JSONRPCClient", "..\..\ThunderNanoServices\examples\JSONRPCClient\JSONRPCClient.vcxproj", "{DFA83275-7232-4F2B-912A-BD362AA228B3}"
	ProjectSection(ProjectDependencies) = postProject
		{0936A7B8-E995-452D-8062-CA9311854018} = {0936A7B8-E995-452D-8062-CA9311854018}
	EndProjectSection
EndProject
Project("{2150E333-8FDC-42A3-9474-1A3956D46DE8}") = "Configuration", "Configuration", "{008FC636-F920-4BA2-B90F-F100E723FA51}"
	ProjectSection(SolutionItems) = preProject
		WPEFramework\ExampleConfigWindows.json = WPEFramework\ExampleConfigWindows.json
	EndProjectSection
EndProject
Global
	GlobalSection(SolutionConfigurationPlatforms) = preSolution
		Debug|x64 = Debug|x64
		Debug|x86 = Debug|x86
		Release|x64 = Release|x64
		Release|x86 = Release|x86
	EndGlobalSection
	GlobalSection(ProjectConfigurationPlatforms) = postSolution
		{0936A7B8-E995-452D-8062-CA9311854018}.Debug|x64.ActiveCfg = Debug|x64
		{0936A7B8-E995-452D-8062-CA9311854018}.Debug|x64.Build.0 = Debug|x64
		{0936A7B8-E995-452D-8062-CA9311854018}.Debug|x86.ActiveCfg = Debug|Win32
		{0936A7B8-E995-452D-8062-CA9311854018}.Debug|x86.Build.0 = Debug|Win32
		{0936A7B8-E995-452D-8062-CA9311854018}.Release|x64.ActiveCfg = Release|x64
		{0936A7B8-E995-452D-8062-CA9311854018}.Release|x64.Build.0 = Release|x64
		{0936A7B8-E995-452D-8062-CA9311854018}.Release|x86.ActiveCfg = Release|Win32
		{0936A7B8-E995-452D-8062-CA9311854018}.Release|x86.Build.0 = Release|Win32
		{A7B258FF-15DD-4769-966C-703530E26530}.Debug|x64.ActiveCfg = Debug|x64
		{A7B258FF-15DD-4769-966C-703530E26530}.Debug|x64.Build.0 = Debug|x64
		{A7B258FF-15DD-4769-966C-703530E26530}.Debug|x86.ActiveCfg = Debug|Win32
		{A7B258FF-15DD-4769-966C-703530E26530}.Debug|x86.Build.0 = Debug|Win32
		{A7B258FF-15DD-4769-966C-703530E26530}.Release|x64.ActiveCfg = Release|x64
		{A7B258FF-15DD-4769-966C-703530E26530}.Release|x64.Build.0 = Release|x64
		{A7B258FF-15DD-4769-966C-703530E26530}.Release|x86.ActiveCfg = Release|Win32
		{A7B258FF-15DD-4769-966C-703530E26530}.Release|x86.Build.0 = Release|Win32
		{6838AFCB-D65D-443A-A435-2F1940790836}.Debug|x64.ActiveCfg = Debug|x64
		{6838AFCB-D65D-443A-A435-2F1940790836}.Debug|x64.Build.0 = Debug|x64
		{6838AFCB-D65D-443A-A435-2F1940790836}.Debug|x86.ActiveCfg = Debug|Win32
		{6838AFCB-D65D-443A-A435-2F1940790836}.Debug|x86.Build.0 = Debug|Win32
		{6838AFCB-D65D-443A-A435-2F1940790836}.Release|x64.ActiveCfg = Release|x64
		{6838AFCB-D65D-443A-A435-2F1940790836}.Release|x64.Build.0 = Release|x64
		{6838AFCB-D65D-443A-A435-2F1940790836}.Release|x86.ActiveCfg = Release|Win32
		{6838AFCB-D65D-443A-A435-2F1940790836}.Release|x86.Build.0 = Release|Win32
		{B63FDAE4-53A4-4B19-BFEC-6E6A2EF841F5}.Debug|x64.ActiveCfg = Debug|x64
		{B63FDAE4-53A4-4B19-BFEC-6E6A2EF841F5}.Debug|x64.Build.0 = Debug|x64
		{B63FDAE4-53A4-4B19-BFEC-6E6A2EF841F5}.Debug|x86.ActiveCfg = Debug|Win32
		{B63FDAE4-53A4-4B19-BFEC-6E6A2EF841F5}.Debug|x86.Build.0 = Debug|Win32
		{B63FDAE4-53A4-4B19-BFEC-6E6A2EF841F5}.Release|x64.ActiveCfg = Release|x64
		{B63FDAE4-53A4-4B19-BFEC-6E6A2EF841F5}.Release|x64.Build.0 = Release|x64
		{B63FDAE4-53A4-4B19-BFEC-6E6A2EF841F5}.Release|x86.ActiveCfg = Release|Win32
		{B63FDAE4-53A4-4B19-BFEC-6E6A2EF841F5}.Release|x86.Build.0 = Release|Win32
		{6A3B427D-D8AF-4D2A-B400-924D2596DCF7}.Debug|x64.ActiveCfg = Debug|x64
		{6A3B427D-D8AF-4D2A-B400-924D2596DCF7}.Debug|x64.Build.0 = Debug|x64
		{6A3B427D-D8AF-4D2A-B400-924D2596DCF7}.Debug|x86.ActiveCfg = Debug|Win32
		{6A3B427D-D8AF-4D2A-B400-924D2596DCF7}.Debug|x86.Build.0 = Debug|Win32
		{6A3B427D-D8AF-4D2A-B400-924D2596DCF7}.Release|x64.ActiveCfg = Release|x64
		{6A3B427D-D8AF-4D2A-B400-924D2596DCF7}.Release|x64.Build.0 = Release|x64
		{6A3B427D-D8AF-4D2A-B400-924D2596DCF7}.Release|x86.ActiveCfg = Release|Win32
		{6A3B427D-D8AF-4D2A-B400-924D2596DCF7}.Release|x86.Build.0 = Release|Win32
		{0CA4C3EA-2DD4-4BB3-804C-331D09CC3402}.Debug|x64.ActiveCfg = Debug|x64
		{0CA4C3EA-2DD4-4BB3-804C-331D09CC3402}.Debug|x64.Build.0 = Debug|x64
		{0CA4C3EA-2DD4-4BB3-804C-331D09CC3402}.Debug|x86.ActiveCfg = Debug|Win32
		{0CA4C3EA-2DD4-4BB3-804C-331D09CC3402}.Debug|x86.Build.0 = Debug|Win32
		{0CA4C3EA-2DD4-4BB3-804C-331D09CC3402}.Release|x64.ActiveCfg = Release|x64
		{0CA4C3EA-2DD4-4BB3-804C-331D09CC3402}.Release|x64.Build.0 = Release|x64
		{0CA4C3EA-2DD4-4BB3-804C-331D09CC3402}.Release|x86.ActiveCfg = Release|Win32
		{0CA4C3EA-2DD4-4BB3-804C-331D09CC3402}.Release|x86.Build.0 = Release|Win32
		{A39F195B-4FD2-424D-A8C7-3D323C281438}.Debug|x64.ActiveCfg = Debug|x64
		{A39F195B-4FD2-424D-A8C7-3D323C281438}.Debug|x64.Build.0 = Debug|x64
		{A39F195B-4FD2-424D-A8C7-3D323C281438}.Debug|x86.ActiveCfg = Debug|Win32
		{A39F195B-4FD2-424D-A8C7-3D323C281438}.Debug|x86.Build.0 = Debug|Win32
		{A39F195B-4FD2-424D-A8C7-3D323C281438}.Release|x64.ActiveCfg = Release|x64
		{A39F195B-4FD2-424D-A8C7-3D323C281438}.Release|x64.Build.0 = Release|x64
		{A39F195B-4FD2-424D-A8C7-3D323C281438}.Release|x86.ActiveCfg = Release|Win32
		{A39F195B-4FD2-424D-A8C7-3D323C281438}.Release|x86.Build.0 = Release|Win32
		{34090477-688B-45F5-9998-11A71A6B043F}.Debug|x64.ActiveCfg = Debug|x64
		{34090477-688B-45F5-9998-11A71A6B043F}.Debug|x64.Build.0 = Debug|x64
		{34090477-688B-45F5-9998-11A71A6B043F}.Debug|x86.ActiveCfg = Debug|Win32
		{34090477-688B-45F5-9998-11A71A6B043F}.Debug|x86.Build.0 = Debug|Win32
		{34090477-688B-45F5-9998-11A71A6B043F}.Release|x64.ActiveCfg = Release|x64
		{34090477-688B-45F5-9998-11A71A6B043F}.Release|x64.Build.0 = Release|x64
		{34090477-688B-45F5-9998-11A71A6B043F}.Release|x86.ActiveCfg = Release|Win32
		{34090477-688B-45F5-9998-11A71A6B043F}.Release|x86.Build.0 = Release|Win32
		{DEBD9452-DA29-4C28-8800-32E1484EA16F}.Debug|x64.ActiveCfg = Debug|x64
		{DEBD9452-DA29-4C28-8800-32E1484EA16F}.Debug|x64.Build.0 = Debug|x64
		{DEBD9452-DA29-4C28-8800-32E1484EA16F}.Debug|x86.ActiveCfg = Debug|Win32
		{DEBD9452-DA29-4C28-8800-32E1484EA16F}.Debug|x86.Build.0 = Debug|Win32
		{DEBD9452-DA29-4C28-8800-32E1484EA16F}.Release|x64.ActiveCfg = Release|x64
		{DEBD9452-DA29-4C28-8800-32E1484EA16F}.Release|x64.Build.0 = Release|x64
		{DEBD9452-DA29-4C28-8800-32E1484EA16F}.Release|x86.ActiveCfg = Release|Win32
		{DEBD9452-DA29-4C28-8800-32E1484EA16F}.Release|x86.Build.0 = Release|Win32
		{3DA3B4B6-916E-4F21-88C6-512DF0C0A38C}.Debug|x64.ActiveCfg = Debug|x64
		{3DA3B4B6-916E-4F21-88C6-512DF0C0A38C}.Debug|x64.Build.0 = Debug|x64
		{3DA3B4B6-916E-4F21-88C6-512DF0C0A38C}.Debug|x86.ActiveCfg = Debug|Win32
		{3DA3B4B6-916E-4F21-88C6-512DF0C0A38C}.Debug|x86.Build.0 = Debug|Win32
		{3DA3B4B6-916E-4F21-88C6-512DF0C0A38C}.Release|x64.ActiveCfg = Release|x64
		{3DA3B4B6-916E-4F21-88C6-512DF0C0A38C}.Release|x64.Build.0 = Release|x64
		{3DA3B4B6-916E-4F21-88C6-512DF0C0A38C}.Release|x86.ActiveCfg = Release|Win32
		{3DA3B4B6-916E-4F21-88C6-512DF0C0A38C}.Release|x86.Build.0 = Release|Win32
		{B88DE14D-3E0D-440E-A753-CE7ADD5DF3CA}.Debug|x64.ActiveCfg = Debug|x64
		{B88DE14D-3E0D-440E-A753-CE7ADD5DF3CA}.Debug|x64.Build.0 = Debug|x64
		{B88DE14D-3E0D-440E-A753-CE7ADD5DF3CA}.Debug|x86.ActiveCfg = Debug|Win32
		{B88DE14D-3E0D-440E-A753-CE7ADD5DF3CA}.Debug|x86.Build.0 = Debug|Win32
		{B88DE14D-3E0D-440E-A753-CE7ADD5DF3CA}.Release|x64.ActiveCfg = Release|x64
		{B88DE14D-3E0D-440E-A753-CE7ADD5DF3CA}.Release|x64.Build.0 = Release|x64
		{B88DE14D-3E0D-440E-A753-CE7ADD5DF3CA}.Release|x86.ActiveCfg = Release|Win32
		{B88DE14D-3E0D-440E-A753-CE7ADD5DF3CA}.Release|x86.Build.0 = Release|Win32
		{F3DF5408-637E-49DB-BF6B-0B7D17509AC0}.Debug|x64.ActiveCfg = Debug|x64
		{F3DF5408-637E-49DB-BF6B-0B7D17509AC0}.Debug|x64.Build.0 = Debug|x64
		{F3DF5408-637E-49DB-BF6B-0B7D17509AC0}.Debug|x86.ActiveCfg = Debug|Win32
		{F3DF5408-637E-49DB-BF6B-0B7D17509AC0}.Debug|x86.Build.0 = Debug|Win32
		{F3DF5408-637E-49DB-BF6B-0B7D17509AC0}.Release|x64.ActiveCfg = Release|x64
		{F3DF5408-637E-49DB-BF6B-0B7D17509AC0}.Release|x64.Build.0 = Release|x64
		{F3DF5408-637E-49DB-BF6B-0B7D17509AC0}.Release|x86.ActiveCfg = Release|Win32
		{F3DF5408-637E-49DB-BF6B-0B7D17509AC0}.Release|x86.Build.0 = Release|Win32
		{577A83B6-66B6-4A98-A3D6-4EBA066A1772}.Debug|x64.ActiveCfg = Debug|x64
		{577A83B6-66B6-4A98-A3D6-4EBA066A1772}.Debug|x64.Build.0 = Debug|x64
		{577A83B6-66B6-4A98-A3D6-4EBA066A1772}.Debug|x86.ActiveCfg = Debug|Win32
		{577A83B6-66B6-4A98-A3D6-4EBA066A1772}.Debug|x86.Build.0 = Debug|Win32
		{577A83B6-66B6-4A98-A3D6-4EBA066A1772}.Release|x64.ActiveCfg = Release|x64
		{577A83B6-66B6-4A98-A3D6-4EBA066A1772}.Release|x64.Build.0 = Release|x64
		{577A83B6-66B6-4A98-A3D6-4EBA066A1772}.Release|x86.ActiveCfg = Release|Win32
		{577A83B6-66B6-4A98-A3D6-4EBA066A1772}.Release|x86.Build.0 = Release|Win32
		{614AEA75-493F-4DB4-897C-6A3EAF8C5781}.Debug|x64.ActiveCfg = Debug|x64
		{614AEA75-493F-4DB4-897C-6A3EAF8C5781}.Debug|x64.Build.0 = Debug|x64
		{614AEA75-493F-4DB4-897C-6A3EAF8C5781}.Debug|x86.ActiveCfg = Debug|Win32
		{614AEA75-493F-4DB4-897C-6A3EAF8C5781}.Debug|x86.Build.0 = Debug|Win32
		{614AEA75-493F-4DB4-897C-6A3EAF8C5781}.Release|x64.ActiveCfg = Release|x64
		{614AEA75-493F-4DB4-897C-6A3EAF8C5781}.Release|x64.Build.0 = Release|x64
		{614AEA75-493F-4DB4-897C-6A3EAF8C5781}.Release|x86.ActiveCfg = Release|Win32
		{614AEA75-493F-4DB4-897C-6A3EAF8C5781}.Release|x86.Build.0 = Release|Win32
		{7E7E9E39-AAA8-4A95-A53F-D1C6E88E97E8}.Debug|x64.ActiveCfg = Debug|x64
		{7E7E9E39-AAA8-4A95-A53F-D1C6E88E97E8}.Debug|x64.Build.0 = Debug|x64
		{7E7E9E39-AAA8-4A95-A53F-D1C6E88E97E8}.Debug|x86.ActiveCfg = Debug|Win32
		{7E7E9E39-AAA8-4A95-A53F-D1C6E88E97E8}.Debug|x86.Build.0 = Debug|Win32
		{7E7E9E39-AAA8-4A95-A53F-D1C6E88E97E8}.Release|x64.ActiveCfg = Release|x64
		{7E7E9E39-AAA8-4A95-A53F-D1C6E88E97E8}.Release|x64.Build.0 = Release|x64
		{7E7E9E39-AAA8-4A95-A53F-D1C6E88E97E8}.Release|x86.ActiveCfg = Release|Win32
		{7E7E9E39-AAA8-4A95-A53F-D1C6E88E97E8}.Release|x86.Build.0 = Release|Win32
		{5CCE3B12-3CCC-4E4A-92CA-832D11F98F70}.Debug|x64.ActiveCfg = Debug|x64
		{5CCE3B12-3CCC-4E4A-92CA-832D11F98F70}.Debug|x64.Build.0 = Debug|x64
		{5CCE3B12-3CCC-4E4A-92CA-832D11F98F70}.Debug|x86.ActiveCfg = Debug|Win32
		{5CCE3B12-3CCC-4E4A-92CA-832D11F98F70}.Debug|x86.Build.0 = Debug|Win32
		{5CCE3B12-3CCC-4E4A-92CA-832D11F98F70}.Release|x64.ActiveCfg = Release|x64
		{5CCE3B12-3CCC-4E4A-92CA-832D11F98F70}.Release|x64.Build.0 = Release|x64
		{5CCE3B12-3CCC-4E4A-92CA-832D11F98F70}.Release|x86.ActiveCfg = Release|Win32
		{5CCE3B12-3CCC-4E4A-92CA-832D11F98F70}.Release|x86.Build.0 = Release|Win32
		{ACA665CC-3DFA-4C22-A6F4-2DF827A9378A}.Debug|x64.ActiveCfg = Debug|x64
		{ACA665CC-3DFA-4C22-A6F4-2DF827A9378A}.Debug|x64.Build.0 = Debug|x64
		{ACA665CC-3DFA-4C22-A6F4-2DF827A9378A}.Debug|x86.ActiveCfg = Debug|Win32
		{ACA665CC-3DFA-4C22-A6F4-2DF827A9378A}.Debug|x86.Build.0 = Debug|Win32
		{ACA665CC-3DFA-4C22-A6F4-2DF827A9378A}.Release|x64.ActiveCfg = Release|x64
		{ACA665CC-3DFA-4C22-A6F4-2DF827A9378A}.Release|x64.Build.0 = Release|x64
		{ACA665CC-3DFA-4C22-A6F4-2DF827A9378A}.Release|x86.ActiveCfg = Release|Win32
		{ACA665CC-3DFA-4C22-A6F4-2DF827A9378A}.Release|x86.Build.0 = Release|Win32
		{6C8E75AE-796C-4598-9CFF-4F462F968955}.Debug|x64.ActiveCfg = Debug|x64
		{6C8E75AE-796C-4598-9CFF-4F462F968955}.Debug|x64.Build.0 = Debug|x64
		{6C8E75AE-796C-4598-9CFF-4F462F968955}.Debug|x86.ActiveCfg = Debug|Win32
		{6C8E75AE-796C-4598-9CFF-4F462F968955}.Debug|x86.Build.0 = Debug|Win32
		{6C8E75AE-796C-4598-9CFF-4F462F968955}.Release|x64.ActiveCfg = Release|x64
		{6C8E75AE-796C-4598-9CFF-4F462F968955}.Release|x64.Build.0 = Release|x64
		{6C8E75AE-796C-4598-9CFF-4F462F968955}.Release|x86.ActiveCfg = Release|Win32
		{6C8E75AE-796C-4598-9CFF-4F462F968955}.Release|x86.Build.0 = Release|Win32
		{43DAC8C4-C127-4FC5-B6D1-AC64F9C65223}.Debug|x64.ActiveCfg = Debug|Win32
		{43DAC8C4-C127-4FC5-B6D1-AC64F9C65223}.Debug|x86.ActiveCfg = Debug|Win32
		{43DAC8C4-C127-4FC5-B6D1-AC64F9C65223}.Debug|x86.Build.0 = Debug|Win32
		{43DAC8C4-C127-4FC5-B6D1-AC64F9C65223}.Release|x64.ActiveCfg = Release|Win32
		{43DAC8C4-C127-4FC5-B6D1-AC64F9C65223}.Release|x86.ActiveCfg = Release|Win32
		{43DAC8C4-C127-4FC5-B6D1-AC64F9C65223}.Release|x86.Build.0 = Release|Win32
		{2CD4DE2B-7064-41E9-892E-6F249C7E6BF5}.Debug|x64.ActiveCfg = Debug|x64
		{2CD4DE2B-7064-41E9-892E-6F249C7E6BF5}.Debug|x64.Build.0 = Debug|x64
		{2CD4DE2B-7064-41E9-892E-6F249C7E6BF5}.Debug|x86.ActiveCfg = Debug|Win32
		{2CD4DE2B-7064-41E9-892E-6F249C7E6BF5}.Debug|x86.Build.0 = Debug|Win32
		{2CD4DE2B-7064-41E9-892E-6F249C7E6BF5}.Release|x64.ActiveCfg = Release|x64
		{2CD4DE2B-7064-41E9-892E-6F249C7E6BF5}.Release|x64.Build.0 = Release|x64
		{2CD4DE2B-7064-41E9-892E-6F249C7E6BF5}.Release|x86.ActiveCfg = Release|Win32
		{2CD4DE2B-7064-41E9-892E-6F249C7E6BF5}.Release|x86.Build.0 = Release|Win32
		{987AB4C4-2127-DFCA-B6D1-1264F1B65293}.Debug|x64.ActiveCfg = Debug|Win32
		{987AB4C4-2127-DFCA-B6D1-1264F1B65293}.Debug|x86.ActiveCfg = Debug|Win32
		{987AB4C4-2127-DFCA-B6D1-1264F1B65293}.Debug|x86.Build.0 = Debug|Win32
		{987AB4C4-2127-DFCA-B6D1-1264F1B65293}.Release|x64.ActiveCfg = Release|Win32
		{987AB4C4-2127-DFCA-B6D1-1264F1B65293}.Release|x86.ActiveCfg = Release|Win32
		{987AB4C4-2127-DFCA-B6D1-1264F1B65293}.Release|x86.Build.0 = Release|Win32
		{F3E4C8C4-C127-4F65-B62C-AC64F3C65D23}.Debug|x64.ActiveCfg = Debug|Win32
		{F3E4C8C4-C127-4F65-B62C-AC64F3C65D23}.Debug|x86.ActiveCfg = Debug|Win32
		{F3E4C8C4-C127-4F65-B62C-AC64F3C65D23}.Debug|x86.Build.0 = Debug|Win32
		{F3E4C8C4-C127-4F65-B62C-AC64F3C65D23}.Release|x64.ActiveCfg = Release|Win32
		{F3E4C8C4-C127-4F65-B62C-AC64F3C65D23}.Release|x86.ActiveCfg = Release|Win32
		{F3E4C8C4-C127-4F65-B62C-AC64F3C65D23}.Release|x86.Build.0 = Release|Win32
		{43DAC1C4-C137-40C5-B6D1-AC64F996529A}.Debug|x64.ActiveCfg = Debug|Win32
		{43DAC1C4-C137-40C5-B6D1-AC64F996529A}.Debug|x86.ActiveCfg = Debug|Win32
		{43DAC1C4-C137-40C5-B6D1-AC64F996529A}.Debug|x86.Build.0 = Debug|Win32
		{43DAC1C4-C137-40C5-B6D1-AC64F996529A}.Release|x64.ActiveCfg = Release|Win32
		{43DAC1C4-C137-40C5-B6D1-AC64F996529A}.Release|x86.ActiveCfg = Release|Win32
		{43DAC1C4-C137-40C5-B6D1-AC64F996529A}.Release|x86.Build.0 = Release|Win32
		{43EAC8C4-C127-4F65-B621-AC64F9C65223}.Debug|x64.ActiveCfg = Debug|Win32
		{43EAC8C4-C127-4F65-B621-AC64F9C65223}.Debug|x86.ActiveCfg = Debug|Win32
		{43EAC8C4-C127-4F65-B621-AC64F9C65223}.Debug|x86.Build.0 = Debug|Win32
		{43EAC8C4-C127-4F65-B621-AC64F9C65223}.Release|x64.ActiveCfg = Release|Win32
		{43EAC8C4-C127-4F65-B621-AC64F9C65223}.Release|x86.ActiveCfg = Release|Win32
		{43EAC8C4-C127-4F65-B621-AC64F9C65223}.Release|x86.Build.0 = Release|Win32
		{43DAC1C4-C137-40C5-B6D1-AC64F9968813}.Debug|x64.ActiveCfg = Debug|Win32
		{43DAC1C4-C137-40C5-B6D1-AC64F9968813}.Debug|x86.ActiveCfg = Debug|Win32
		{43DAC1C4-C137-40C5-B6D1-AC64F9968813}.Debug|x86.Build.0 = Debug|Win32
		{43DAC1C4-C137-40C5-B6D1-AC64F9968813}.Release|x64.ActiveCfg = Release|Win32
		{43DAC1C4-C137-40C5-B6D1-AC64F9968813}.Release|x86.ActiveCfg = Release|Win32
		{43DAC1C4-C137-40C5-B6D1-AC64F9968813}.Release|x86.Build.0 = Release|Win32
		{6B9091EB-E0CA-4FE5-9FF1-69DE4D749F00}.Debug|x64.ActiveCfg = Debug|x64
		{6B9091EB-E0CA-4FE5-9FF1-69DE4D749F00}.Debug|x64.Build.0 = Debug|x64
		{6B9091EB-E0CA-4FE5-9FF1-69DE4D749F00}.Debug|x86.ActiveCfg = Debug|Win32
		{6B9091EB-E0CA-4FE5-9FF1-69DE4D749F00}.Debug|x86.Build.0 = Debug|Win32
		{6B9091EB-E0CA-4FE5-9FF1-69DE4D749F00}.Release|x64.ActiveCfg = Release|x64
		{6B9091EB-E0CA-4FE5-9FF1-69DE4D749F00}.Release|x64.Build.0 = Release|x64
		{6B9091EB-E0CA-4FE5-9FF1-69DE4D749F00}.Release|x86.ActiveCfg = Release|Win32
		{6B9091EB-E0CA-4FE5-9FF1-69DE4D749F00}.Release|x86.Build.0 = Release|Win32
		{5CCE3BBB-3CBC-4E4A-92CA-832D119C8F70}.Debug|x64.ActiveCfg = Debug|x64
		{5CCE3BBB-3CBC-4E4A-92CA-832D119C8F70}.Debug|x64.Build.0 = Debug|x64
		{5CCE3BBB-3CBC-4E4A-92CA-832D119C8F70}.Debug|x86.ActiveCfg = Debug|Win32
		{5CCE3BBB-3CBC-4E4A-92CA-832D119C8F70}.Debug|x86.Build.0 = Debug|Win32
		{5CCE3BBB-3CBC-4E4A-92CA-832D119C8F70}.Release|x64.ActiveCfg = Release|x64
		{5CCE3BBB-3CBC-4E4A-92CA-832D119C8F70}.Release|x64.Build.0 = Release|x64
		{5CCE3BBB-3CBC-4E4A-92CA-832D119C8F70}.Release|x86.ActiveCfg = Release|Win32
		{5CCE3BBB-3CBC-4E4A-92CA-832D119C8F70}.Release|x86.Build.0 = Release|Win32
		{DFA83275-7232-4F2B-912A-BD362AA228B3}.Debug|x64.ActiveCfg = Debug|x64
		{DFA83275-7232-4F2B-912A-BD362AA228B3}.Debug|x64.Build.0 = Debug|x64
		{DFA83275-7232-4F2B-912A-BD362AA228B3}.Debug|x86.ActiveCfg = Debug|Win32
		{DFA83275-7232-4F2B-912A-BD362AA228B3}.Debug|x86.Build.0 = Debug|Win32
		{DFA83275-7232-4F2B-912A-BD362AA228B3}.Release|x64.ActiveCfg = Release|x64
		{DFA83275-7232-4F2B-912A-BD362AA228B3}.Release|x64.Build.0 = Release|x64
		{DFA83275-7232-4F2B-912A-BD362AA228B3}.Release|x86.ActiveCfg = Release|Win32
		{DFA83275-7232-4F2B-912A-BD362AA228B3}.Release|x86.Build.0 = Release|Win32
	EndGlobalSection
	GlobalSection(SolutionProperties) = preSolution
		HideSolutionNode = FALSE
	EndGlobalSection
	GlobalSection(NestedProjects) = preSolution
		{614AEA75-493F-4DB4-897C-6A3EAF8C5781} = {ADCA6209-AD2C-4990-9825-DE8CCA79BA2B}
		{7E7E9E39-AAA8-4A95-A53F-D1C6E88E97E8} = {ADCA6209-AD2C-4990-9825-DE8CCA79BA2B}
		{5CCE3B12-3CCC-4E4A-92CA-832D11F98F70} = {ADCA6209-AD2C-4990-9825-DE8CCA79BA2B}
		{ACA665CC-3DFA-4C22-A6F4-2DF827A9378A} = {ADCA6209-AD2C-4990-9825-DE8CCA79BA2B}
		{6C8E75AE-796C-4598-9CFF-4F462F968955} = {ADCA6209-AD2C-4990-9825-DE8CCA79BA2B}
		{43DAC8C4-C127-4FC5-B6D1-AC64F9C65223} = {ADCA6209-AD2C-4990-9825-DE8CCA79BA2B}
		{2CD4DE2B-7064-41E9-892E-6F249C7E6BF5} = {ADCA6209-AD2C-4990-9825-DE8CCA79BA2B}
		{987AB4C4-2127-DFCA-B6D1-1264F1B65293} = {ADCA6209-AD2C-4990-9825-DE8CCA79BA2B}
		{F3E4C8C4-C127-4F65-B62C-AC64F3C65D23} = {ADCA6209-AD2C-4990-9825-DE8CCA79BA2B}
		{43DAC1C4-C137-40C5-B6D1-AC64F996529A} = {ADCA6209-AD2C-4990-9825-DE8CCA79BA2B}
		{43EAC8C4-C127-4F65-B621-AC64F9C65223} = {ADCA6209-AD2C-4990-9825-DE8CCA79BA2B}
		{43DAC1C4-C137-40C5-B6D1-AC64F9968813} = {ADCA6209-AD2C-4990-9825-DE8CCA79BA2B}
		{6B9091EB-E0CA-4FE5-9FF1-69DE4D749F00} = {ADCA6209-AD2C-4990-9825-DE8CCA79BA2B}
		{5CCE3BBB-3CBC-4E4A-92CA-832D119C8F70} = {3757757F-7978-4C27-8691-73FFF12BDE9B}
		{DFA83275-7232-4F2B-912A-BD362AA228B3} = {3757757F-7978-4C27-8691-73FFF12BDE9B}
	EndGlobalSection
	GlobalSection(ExtensibilityGlobals) = postSolution
		SolutionGuid = {6895E9E2-C386-4F32-A22C-BE5EF06CFC20}
	EndGlobalSection
EndGlobal
