<?xml version="1.0" encoding="utf-8"?>
<Project ToolsVersion="4.0" xmlns="http://schemas.microsoft.com/developer/msbuild/2003">
  <ItemGroup>
    <ClCompile Include="Hash.cpp">
      <Filter>Source Files</Filter>
    </ClCompile>
    <ClCompile Include="AES.cpp">
      <Filter>Source Files</Filter>
    </ClCompile>
    <ClCompile Include="Random.cpp">
      <Filter>Source Files</Filter>
    </ClCompile>
    <ClCompile Include="AESImplementation.c">
      <Filter>Source Files</Filter>
    </ClCompile>
    <ClCompile Include="Module.cpp">
      <Filter>Source Files</Filter>
    </ClCompile>
  </ItemGroup>
  <ItemGroup>
    <ClInclude Include="Hash.h">
      <Filter>Header Files</Filter>
    </ClInclude>
    <ClInclude Include="HMAC.h">
      <Filter>Header Files</Filter>
    </ClInclude>
    <ClInclude Include="Integer.h">
      <Filter>Header Files</Filter>
    </ClInclude>
    <ClInclude Include="Module.h">
      <Filter>Header Files</Filter>
    </ClInclude>
    <ClInclude Include="MultiPrecisionInteger.h">
      <Filter>Header Files</Filter>
    </ClInclude>
    <ClInclude Include="HashStream.h">
      <Filter>Header Files</Filter>
    </ClInclude>
    <ClInclude Include="cryptalgo.h">
      <Filter>Header Files</Filter>
    </ClInclude>
    <ClInclude Include="Random.h">
      <Filter>Header Files</Filter>
    </ClInclude>
    <ClInclude Include="AESImplementation.h">
      <Filter>Header Files</Filter>
    </ClInclude>
    <ClInclude Include="AES.h">
      <Filter>Header Files</Filter>
    </ClInclude>
  </ItemGroup>
  <ItemGroup>
    <Filter Include="Source Files">
      <UniqueIdentifier>{97265927-54e7-480c-a67b-4d0099e21ec3}</UniqueIdentifier>
    </Filter>
    <Filter Include="Header Files">
      <UniqueIdentifier>{4cb9356a-1460-410e-9c7d-6b65861c5b37}</UniqueIdentifier>
    </Filter>
  </ItemGroup>
</Project>