<?xml version="1.0" encoding="utf-8"?>
<Project ToolsVersion="4.0" xmlns="http://schemas.microsoft.com/developer/msbuild/2003">
  <ItemGroup>
    <ClCompile Include="Definitions.cpp" />
  </ItemGroup>
  <ItemGroup>
    <ClInclude Include="definitions.h" />
  </ItemGroup>
  <ItemGroup>
    <CustomBuild Include="json\DeviceInfo.json">
      <Filter>Contracts</Filter>
    </CustomBuild>
    <CustomBuild Include="json\DIALServer.json">
      <Filter>Contracts</Filter>
    </CustomBuild>
    <CustomBuild Include="json\LocationSync.json">
      <Filter>Contracts</Filter>
    </CustomBuild>
    <CustomBuild Include="json\Messenger.json">
      <Filter>Contracts</Filter>
    </CustomBuild>
    <CustomBuild Include="json\Monitor.json">
      <Filter>Contracts</Filter>
    </CustomBuild>
    <CustomBuild Include="json\NetworkControl.json">
      <Filter>Contracts</Filter>
    </CustomBuild>
    <CustomBuild Include="json\OpenCDMi.json">
      <Filter>Contracts</Filter>
    </CustomBuild>
    <CustomBuild Include="json\RemoteControl.json">
      <Filter>Contracts</Filter>
    </CustomBuild>
    <CustomBuild Include="json\Spark.json">
      <Filter>Contracts</Filter>
    </CustomBuild>
    <CustomBuild Include="json\StateControl.json">
      <Filter>Contracts</Filter>
    </CustomBuild>
    <CustomBuild Include="json\Streamer.json">
      <Filter>Contracts</Filter>
    </CustomBuild>
    <CustomBuild Include="json\SystemCommands.json">
      <Filter>Contracts</Filter>
    </CustomBuild>
    <CustomBuild Include="json\TestUtility.json">
      <Filter>Contracts</Filter>
    </CustomBuild>
    <CustomBuild Include="json\TimeSync.json">
      <Filter>Contracts</Filter>
    </CustomBuild>
    <CustomBuild Include="json\TraceControl.json">
      <Filter>Contracts</Filter>
    </CustomBuild>
    <CustomBuild Include="json\WebKitBrowser.json">
      <Filter>Contracts</Filter>
    </CustomBuild>
    <CustomBuild Include="json\WifiControl.json">
      <Filter>Contracts</Filter>
    </CustomBuild>
    <CustomBuild Include="json\Browser.json">
      <Filter>Contracts</Filter>
    </CustomBuild>
    <CustomBuild Include="json\DHCPServer.json" />
    <CustomBuild Include="json\SecurityAgent.json" />
  </ItemGroup>
  <ItemGroup>
    <Filter Include="Contracts">
      <UniqueIdentifier>{6975244d-cb23-4d09-a334-80cf1e1b4845}</UniqueIdentifier>
    </Filter>
  </ItemGroup>
</Project>