<?xml version="1.0" encoding="utf-8"?>
<Project ToolsVersion="4.0" xmlns="http://schemas.microsoft.com/developer/msbuild/2003">
  <ItemGroup>
    <Filter Include="Source Files">
      <UniqueIdentifier>{4FC737F1-C7A5-4376-A066-2A32D752A2FF}</UniqueIdentifier>
      <Extensions>cpp;c;cc;cxx;def;odl;idl;hpj;bat;asm;asmx</Extensions>
    </Filter>
    <Filter Include="Header Files">
      <UniqueIdentifier>{93995380-89BD-4b04-88EB-625FBE52EBFB}</UniqueIdentifier>
      <Extensions>h;hh;hpp;hxx;hm;inl;inc;ipp;xsd</Extensions>
    </Filter>
    <Filter Include="Resource Files">
      <UniqueIdentifier>{67DA6AB6-F800-4c08-8B7A-83BB121AAD01}</UniqueIdentifier>
      <Extensions>rc;ico;cur;bmp;dlg;rc2;rct;bin;rgs;gif;jpg;jpeg;jpe;resx;tiff;tif;png;wav;mfcribbon-ms</Extensions>
    </Filter>
  </ItemGroup>
  <ItemGroup>
    <Text Include="CMakeLists.txt" />
  </ItemGroup>
  <ItemGroup>
    <None Include="DataModel.json" />
  </ItemGroup>
  <ItemGroup>
    <ClCompile Include="Enumerations.cpp">
      <Filter>Source Files</Filter>
    </ClCompile>
    <ClCompile Include="ProxyStubs.cpp">
      <Filter>Source Files</Filter>
    </ClCompile>
    <ClCompile Include="ProxyStubs_AVNClient.cpp">
      <Filter>Source Files</Filter>
    </ClCompile>
    <ClCompile Include="ProxyStubs_Browser.cpp">
      <Filter>Source Files</Filter>
    </ClCompile>
    <ClCompile Include="ProxyStubs_Composition.cpp">
      <Filter>Source Files</Filter>
    </ClCompile>
    <ClCompile Include="ProxyStubs_ContentDecryption.cpp">
      <Filter>Source Files</Filter>
    </ClCompile>
    <ClCompile Include="ProxyStubs_DsgccClient.cpp">
      <Filter>Source Files</Filter>
    </ClCompile>
    <ClCompile Include="ProxyStubs_Guide.cpp">
      <Filter>Source Files</Filter>
    </ClCompile>
    <ClCompile Include="ProxyStubs_Netflix.cpp">
      <Filter>Source Files</Filter>
    </ClCompile>
    <ClCompile Include="ProxyStubs_Packager.cpp">
      <Filter>Source Files</Filter>
    </ClCompile>
    <ClCompile Include="ProxyStubs_PlayGiga.cpp">
      <Filter>Source Files</Filter>
    </ClCompile>
    <ClCompile Include="ProxyStubs_Power.cpp">
      <Filter>Source Files</Filter>
    </ClCompile>
    <ClCompile Include="ProxyStubs_Provisioning.cpp">
      <Filter>Source Files</Filter>
    </ClCompile>
    <ClCompile Include="ProxyStubs_RPCLink.cpp">
      <Filter>Source Files</Filter>
    </ClCompile>
    <ClCompile Include="ProxyStubs_RtspClient.cpp">
      <Filter>Source Files</Filter>
    </ClCompile>
    <ClCompile Include="ProxyStubs_Streaming.cpp">
      <Filter>Source Files</Filter>
    </ClCompile>
    <ClCompile Include="ProxyStubs_TestController.cpp">
      <Filter>Source Files</Filter>
    </ClCompile>
    <ClCompile Include="ProxyStubs_TVControl.cpp">
      <Filter>Source Files</Filter>
    </ClCompile>
    <ClCompile Include="ProxyStubs_WebDriver.cpp">
      <Filter>Source Files</Filter>
    </ClCompile>
    <ClCompile Include="ProxyStubs_WebServer.cpp">
      <Filter>Source Files</Filter>
    </ClCompile>
  </ItemGroup>
  <ItemGroup>
    <ClInclude Include="IAVNClient.h">
      <Filter>Header Files</Filter>
    </ClInclude>
    <ClInclude Include="IBluetooth.h">
      <Filter>Header Files</Filter>
    </ClInclude>
    <ClInclude Include="IBrowser.h">
      <Filter>Header Files</Filter>
    </ClInclude>
    <ClInclude Include="ICapture.h">
      <Filter>Header Files</Filter>
    </ClInclude>
    <ClInclude Include="ICommand.h">
      <Filter>Header Files</Filter>
    </ClInclude>
    <ClInclude Include="IComposition.h">
      <Filter>Header Files</Filter>
    </ClInclude>
    <ClInclude Include="IContentDecryption.h">
      <Filter>Header Files</Filter>
    </ClInclude>
    <ClInclude Include="IDictionary.h">
      <Filter>Header Files</Filter>
    </ClInclude>
    <ClInclude Include="IDRM.h">
      <Filter>Header Files</Filter>
    </ClInclude>
    <ClInclude Include="Ids.h">
      <Filter>Header Files</Filter>
    </ClInclude>
    <ClInclude Include="IDsgccClient.h">
      <Filter>Header Files</Filter>
    </ClInclude>
    <ClInclude Include="IExternal.h">
      <Filter>Header Files</Filter>
    </ClInclude>
    <ClInclude Include="IGuide.h">
      <Filter>Header Files</Filter>
    </ClInclude>
    <ClInclude Include="IIPNetwork.h">
      <Filter>Header Files</Filter>
    </ClInclude>
    <ClInclude Include="IKeyHandler.h">
      <Filter>Header Files</Filter>
    </ClInclude>
    <ClInclude Include="IMemory.h">
      <Filter>Header Files</Filter>
    </ClInclude>
    <ClInclude Include="INetflix.h">
      <Filter>Header Files</Filter>
    </ClInclude>
    <ClInclude Include="IPackager.h">
      <Filter>Header Files</Filter>
    </ClInclude>
    <ClInclude Include="IPlayGiga.h">
      <Filter>Header Files</Filter>
    </ClInclude>
    <ClInclude Include="IPower.h">
      <Filter>Header Files</Filter>
    </ClInclude>
    <ClInclude Include="IProvisioning.h">
      <Filter>Header Files</Filter>
    </ClInclude>
    <ClInclude Include="IRPCLink.h">
      <Filter>Header Files</Filter>
    </ClInclude>
    <ClInclude Include="IRtspClient.h">
      <Filter>Header Files</Filter>
    </ClInclude>
    <ClInclude Include="IStreaming.h">
      <Filter>Header Files</Filter>
    </ClInclude>
    <ClInclude Include="ISwitchBoard.h">
      <Filter>Header Files</Filter>
    </ClInclude>
    <ClInclude Include="ISystemCommands.h">
      <Filter>Header Files</Filter>
    </ClInclude>
    <ClInclude Include="ITestController.h">
      <Filter>Header Files</Filter>
    </ClInclude>
    <ClInclude Include="ITimeSync.h">
      <Filter>Header Files</Filter>
    </ClInclude>
    <ClInclude Include="ITVControl.h">
      <Filter>Header Files</Filter>
    </ClInclude>
    <ClInclude Include="ITVPlatform.h">
      <Filter>Header Files</Filter>
    </ClInclude>
    <ClInclude Include="IVoiceHandler.h">
      <Filter>Header Files</Filter>
    </ClInclude>
    <ClInclude Include="IWebDriver.h">
      <Filter>Header Files</Filter>
    </ClInclude>
    <ClInclude Include="IWebServer.h">
      <Filter>Header Files</Filter>
    </ClInclude>
    <ClInclude Include="Module.h">
      <Filter>Header Files</Filter>
    </ClInclude>
  </ItemGroup>
</Project>